// !$*UTF8*$!
{
	archiveVersion = 1;
	classes = {
	};
	objectVersion = 46;
	objects = {

/* Begin PBXBuildFile section */
		9A617A441E77CF8C00B1A11F /* FirstViewController.m in Sources */ = {isa = PBXBuildFile; fileRef = 9A617A3D1E77CF8C00B1A11F /* FirstViewController.m */; };
		9A617A451E77CF8C00B1A11F /* SecondViewController.m in Sources */ = {isa = PBXBuildFile; fileRef = 9A617A3F1E77CF8C00B1A11F /* SecondViewController.m */; };
		9A617A461E77CF8C00B1A11F /* ThirdViewController.m in Sources */ = {isa = PBXBuildFile; fileRef = 9A617A411E77CF8C00B1A11F /* ThirdViewController.m */; };
		9A617A471E77CF8C00B1A11F /* ViewController.m in Sources */ = {isa = PBXBuildFile; fileRef = 9A617A431E77CF8C00B1A11F /* ViewController.m */; };
		9A61C96E1E7102C900B10D09 /* main.m in Sources */ = {isa = PBXBuildFile; fileRef = 9A61C96D1E7102C900B10D09 /* main.m */; };
		9A61C9711E7102C900B10D09 /* AppDelegate.m in Sources */ = {isa = PBXBuildFile; fileRef = 9A61C9701E7102C900B10D09 /* AppDelegate.m */; };
		9A61C9771E7102C900B10D09 /* Main.storyboard in Resources */ = {isa = PBXBuildFile; fileRef = 9A61C9751E7102C900B10D09 /* Main.storyboard */; };
		9A61C9791E7102C900B10D09 /* Assets.xcassets in Resources */ = {isa = PBXBuildFile; fileRef = 9A61C9781E7102C900B10D09 /* Assets.xcassets */; };
		9A61C97C1E7102C900B10D09 /* LaunchScreen.storyboard in Resources */ = {isa = PBXBuildFile; fileRef = 9A61C97A1E7102C900B10D09 /* LaunchScreen.storyboard */; };
		9A61C9871E7102C900B10D09 /* SYFrameWorkTests.m in Sources */ = {isa = PBXBuildFile; fileRef = 9A61C9861E7102C900B10D09 /* SYFrameWorkTests.m */; };
		9A61C9921E7102C900B10D09 /* SYFrameWorkUITests.m in Sources */ = {isa = PBXBuildFile; fileRef = 9A61C9911E7102C900B10D09 /* SYFrameWorkUITests.m */; };
		9A65B8F01E7A6E9F002401B9 /* SYAlertBuilder.m in Sources */ = {isa = PBXBuildFile; fileRef = 9A65B89F1E7A6E9F002401B9 /* SYAlertBuilder.m */; };
		9A65B8F11E7A6E9F002401B9 /* 640x1136page1@2x.png in Resources */ = {isa = PBXBuildFile; fileRef = 9A65B8A21E7A6E9F002401B9 /* 640x1136page1@2x.png */; };
		9A65B8F21E7A6E9F002401B9 /* 640x1136page2@2x.png in Resources */ = {isa = PBXBuildFile; fileRef = 9A65B8A31E7A6E9F002401B9 /* 640x1136page2@2x.png */; };
		9A65B8F31E7A6E9F002401B9 /* 640x1136page3@2x.png in Resources */ = {isa = PBXBuildFile; fileRef = 9A65B8A41E7A6E9F002401B9 /* 640x1136page3@2x.png */; };
		9A65B8F41E7A6E9F002401B9 /* btn_image@3x.png in Resources */ = {isa = PBXBuildFile; fileRef = 9A65B8A51E7A6E9F002401B9 /* btn_image@3x.png */; };
		9A65B8F51E7A6E9F002401B9 /* SYGuideView.m in Sources */ = {isa = PBXBuildFile; fileRef = 9A65B8A71E7A6E9F002401B9 /* SYGuideView.m */; };
		9A65B8F61E7A6E9F002401B9 /* SYGuideViewCell.m in Sources */ = {isa = PBXBuildFile; fileRef = 9A65B8A91E7A6E9F002401B9 /* SYGuideViewCell.m */; };
		9A65B8F71E7A6E9F002401B9 /* SYGuiViewBuilder.m in Sources */ = {isa = PBXBuildFile; fileRef = 9A65B8AB1E7A6E9F002401B9 /* SYGuiViewBuilder.m */; };
		9A65B8F81E7A6E9F002401B9 /* icon_financial_share@3x.png in Resources */ = {isa = PBXBuildFile; fileRef = 9A65B8AD1E7A6E9F002401B9 /* icon_financial_share@3x.png */; };
		9A65B8F91E7A6E9F002401B9 /* SFTitleIconBtn.m in Sources */ = {isa = PBXBuildFile; fileRef = 9A65B8AF1E7A6E9F002401B9 /* SFTitleIconBtn.m */; };
		9A65B8FA1E7A6E9F002401B9 /* SFTitleIconModel.m in Sources */ = {isa = PBXBuildFile; fileRef = 9A65B8B11E7A6E9F002401B9 /* SFTitleIconModel.m */; };
		9A65B8FB1E7A6E9F002401B9 /* SFTitleIconView.m in Sources */ = {isa = PBXBuildFile; fileRef = 9A65B8B31E7A6E9F002401B9 /* SFTitleIconView.m */; };
		9A65B8FC1E7A6E9F002401B9 /* SYLineBtnBuilder.m in Sources */ = {isa = PBXBuildFile; fileRef = 9A65B8B51E7A6E9F002401B9 /* SYLineBtnBuilder.m */; };
		9A65B8FD1E7A6E9F002401B9 /* back_black@3x.png in Resources */ = {isa = PBXBuildFile; fileRef = 9A65B8B71E7A6E9F002401B9 /* back_black@3x.png */; };
		9A65B8FE1E7A6E9F002401B9 /* back_white@3x.png in Resources */ = {isa = PBXBuildFile; fileRef = 9A65B8B81E7A6E9F002401B9 /* back_white@3x.png */; };
		9A65B8FF1E7A6E9F002401B9 /* SYNavigationTool.m in Sources */ = {isa = PBXBuildFile; fileRef = 9A65B8BB1E7A6E9F002401B9 /* SYNavigationTool.m */; };
		9A65B9001E7A6E9F002401B9 /* UIViewController+NavigationTool.m in Sources */ = {isa = PBXBuildFile; fileRef = 9A65B8BD1E7A6E9F002401B9 /* UIViewController+NavigationTool.m */; };
		9A65B9011E7A6E9F002401B9 /* ScrollDotIndicator.m in Sources */ = {isa = PBXBuildFile; fileRef = 9A65B8C01E7A6E9F002401B9 /* ScrollDotIndicator.m */; };
		9A65B9021E7A6E9F002401B9 /* ScrollLineIndicator.m in Sources */ = {isa = PBXBuildFile; fileRef = 9A65B8C21E7A6E9F002401B9 /* ScrollLineIndicator.m */; };
		9A65B9031E7A6E9F002401B9 /* SYScrollImageView.m in Sources */ = {isa = PBXBuildFile; fileRef = 9A65B8C41E7A6E9F002401B9 /* SYScrollImageView.m */; };
		9A65B9041E7A6E9F002401B9 /* SYTabBarButtonItem.m in Sources */ = {isa = PBXBuildFile; fileRef = 9A65B8C71E7A6E9F002401B9 /* SYTabBarButtonItem.m */; };
		9A65B9051E7A6E9F002401B9 /* SYTabBarController.m in Sources */ = {isa = PBXBuildFile; fileRef = 9A65B8C91E7A6E9F002401B9 /* SYTabBarController.m */; };
		9A65B9061E7A6E9F002401B9 /* SYTabBarMaker.m in Sources */ = {isa = PBXBuildFile; fileRef = 9A65B8CB1E7A6E9F002401B9 /* SYTabBarMaker.m */; };
		9A65B9071E7A6E9F002401B9 /* SYTabBarModel.m in Sources */ = {isa = PBXBuildFile; fileRef = 9A65B8CD1E7A6E9F002401B9 /* SYTabBarModel.m */; };
		9A65B9081E7A6E9F002401B9 /* SYUnReadView.m in Sources */ = {isa = PBXBuildFile; fileRef = 9A65B8CF1E7A6E9F002401B9 /* SYUnReadView.m */; };
		9A65B9091E7A6E9F002401B9 /* icon_interview_select@3x.png in Resources */ = {isa = PBXBuildFile; fileRef = 9A65B8D11E7A6E9F002401B9 /* icon_interview_select@3x.png */; };
		9A65B90A1E7A6E9F002401B9 /* icon_interview_unselect@3x.png in Resources */ = {isa = PBXBuildFile; fileRef = 9A65B8D21E7A6E9F002401B9 /* icon_interview_unselect@3x.png */; };
		9A65B90B1E7A6E9F002401B9 /* icon_mine_select@3x.png in Resources */ = {isa = PBXBuildFile; fileRef = 9A65B8D31E7A6E9F002401B9 /* icon_mine_select@3x.png */; };
		9A65B90C1E7A6E9F002401B9 /* icon_mine_unselect@3x.png in Resources */ = {isa = PBXBuildFile; fileRef = 9A65B8D41E7A6E9F002401B9 /* icon_mine_unselect@3x.png */; };
		9A65B90D1E7A6E9F002401B9 /* icon_screening_select@3x.png in Resources */ = {isa = PBXBuildFile; fileRef = 9A65B8D51E7A6E9F002401B9 /* icon_screening_select@3x.png */; };
		9A65B90E1E7A6E9F002401B9 /* icon_screening_unselect@3x.png in Resources */ = {isa = PBXBuildFile; fileRef = 9A65B8D61E7A6E9F002401B9 /* icon_screening_unselect@3x.png */; };
		9A65B90F1E7A6E9F002401B9 /* UIViewController+TabBarHidden.m in Sources */ = {isa = PBXBuildFile; fileRef = 9A65B8D81E7A6E9F002401B9 /* UIViewController+TabBarHidden.m */; };
		9A65B9101E7A6E9F002401B9 /* SYAlphaMaker.m in Sources */ = {isa = PBXBuildFile; fileRef = 9A65B8DB1E7A6E9F002401B9 /* SYAlphaMaker.m */; };
		9A65B9111E7A6E9F002401B9 /* SYUtils.m in Sources */ = {isa = PBXBuildFile; fileRef = 9A65B8DF1E7A6E9F002401B9 /* SYUtils.m */; };
		9A65B9121E7A6E9F002401B9 /* UIButton+SYBuilder.m in Sources */ = {isa = PBXBuildFile; fileRef = 9A65B8E11E7A6E9F002401B9 /* UIButton+SYBuilder.m */; };
		9A65B9131E7A6E9F002401B9 /* UIColor+SYBuilder.m in Sources */ = {isa = PBXBuildFile; fileRef = 9A65B8E31E7A6E9F002401B9 /* UIColor+SYBuilder.m */; };
		9A65B9141E7A6E9F002401B9 /* UIFont+SYBuilder.m in Sources */ = {isa = PBXBuildFile; fileRef = 9A65B8E51E7A6E9F002401B9 /* UIFont+SYBuilder.m */; };
		9A65B9151E7A6E9F002401B9 /* UIImageView+SYBuilder.m in Sources */ = {isa = PBXBuildFile; fileRef = 9A65B8E71E7A6E9F002401B9 /* UIImageView+SYBuilder.m */; };
		9A65B9161E7A6E9F002401B9 /* UILabel+SYBuilder.m in Sources */ = {isa = PBXBuildFile; fileRef = 9A65B8E91E7A6E9F002401B9 /* UILabel+SYBuilder.m */; };
		9A65B9171E7A6E9F002401B9 /* UITableView+SYBuilder.m in Sources */ = {isa = PBXBuildFile; fileRef = 9A65B8EB1E7A6E9F002401B9 /* UITableView+SYBuilder.m */; };
		9A65B9181E7A6E9F002401B9 /* UITextField+SYBuilder.m in Sources */ = {isa = PBXBuildFile; fileRef = 9A65B8ED1E7A6E9F002401B9 /* UITextField+SYBuilder.m */; };
		9A65B9191E7A6E9F002401B9 /* UIView+SYBuilder.m in Sources */ = {isa = PBXBuildFile; fileRef = 9A65B8EF1E7A6E9F002401B9 /* UIView+SYBuilder.m */; };
/* End PBXBuildFile section */

/* Begin PBXContainerItemProxy section */
		9A61C9831E7102C900B10D09 /* PBXContainerItemProxy */ = {
			isa = PBXContainerItemProxy;
			containerPortal = 9A61C9611E7102C900B10D09 /* Project object */;
			proxyType = 1;
			remoteGlobalIDString = 9A61C9681E7102C900B10D09;
			remoteInfo = SYFrameWork;
		};
		9A61C98E1E7102C900B10D09 /* PBXContainerItemProxy */ = {
			isa = PBXContainerItemProxy;
			containerPortal = 9A61C9611E7102C900B10D09 /* Project object */;
			proxyType = 1;
			remoteGlobalIDString = 9A61C9681E7102C900B10D09;
			remoteInfo = SYFrameWork;
		};
/* End PBXContainerItemProxy section */

/* Begin PBXFileReference section */
		9A617A3C1E77CF8C00B1A11F /* FirstViewController.h */ = {isa = PBXFileReference; fileEncoding = 4; lastKnownFileType = sourcecode.c.h; path = FirstViewController.h; sourceTree = "<group>"; };
		9A617A3D1E77CF8C00B1A11F /* FirstViewController.m */ = {isa = PBXFileReference; fileEncoding = 4; lastKnownFileType = sourcecode.c.objc; path = FirstViewController.m; sourceTree = "<group>"; };
		9A617A3E1E77CF8C00B1A11F /* SecondViewController.h */ = {isa = PBXFileReference; fileEncoding = 4; lastKnownFileType = sourcecode.c.h; path = SecondViewController.h; sourceTree = "<group>"; };
		9A617A3F1E77CF8C00B1A11F /* SecondViewController.m */ = {isa = PBXFileReference; fileEncoding = 4; lastKnownFileType = sourcecode.c.objc; path = SecondViewController.m; sourceTree = "<group>"; };
		9A617A401E77CF8C00B1A11F /* ThirdViewController.h */ = {isa = PBXFileReference; fileEncoding = 4; lastKnownFileType = sourcecode.c.h; path = ThirdViewController.h; sourceTree = "<group>"; };
		9A617A411E77CF8C00B1A11F /* ThirdViewController.m */ = {isa = PBXFileReference; fileEncoding = 4; lastKnownFileType = sourcecode.c.objc; path = ThirdViewController.m; sourceTree = "<group>"; };
		9A617A421E77CF8C00B1A11F /* ViewController.h */ = {isa = PBXFileReference; fileEncoding = 4; lastKnownFileType = sourcecode.c.h; path = ViewController.h; sourceTree = "<group>"; };
		9A617A431E77CF8C00B1A11F /* ViewController.m */ = {isa = PBXFileReference; fileEncoding = 4; lastKnownFileType = sourcecode.c.objc; path = ViewController.m; sourceTree = "<group>"; };
		9A61C9691E7102C900B10D09 /* SYFrameWork.app */ = {isa = PBXFileReference; explicitFileType = wrapper.application; includeInIndex = 0; path = SYFrameWork.app; sourceTree = BUILT_PRODUCTS_DIR; };
		9A61C96D1E7102C900B10D09 /* main.m */ = {isa = PBXFileReference; lastKnownFileType = sourcecode.c.objc; path = main.m; sourceTree = "<group>"; };
		9A61C96F1E7102C900B10D09 /* AppDelegate.h */ = {isa = PBXFileReference; lastKnownFileType = sourcecode.c.h; path = AppDelegate.h; sourceTree = "<group>"; };
		9A61C9701E7102C900B10D09 /* AppDelegate.m */ = {isa = PBXFileReference; lastKnownFileType = sourcecode.c.objc; path = AppDelegate.m; sourceTree = "<group>"; };
		9A61C9761E7102C900B10D09 /* Base */ = {isa = PBXFileReference; lastKnownFileType = file.storyboard; name = Base; path = Base.lproj/Main.storyboard; sourceTree = "<group>"; };
		9A61C9781E7102C900B10D09 /* Assets.xcassets */ = {isa = PBXFileReference; lastKnownFileType = folder.assetcatalog; path = Assets.xcassets; sourceTree = "<group>"; };
		9A61C97B1E7102C900B10D09 /* Base */ = {isa = PBXFileReference; lastKnownFileType = file.storyboard; name = Base; path = Base.lproj/LaunchScreen.storyboard; sourceTree = "<group>"; };
		9A61C97D1E7102C900B10D09 /* Info.plist */ = {isa = PBXFileReference; lastKnownFileType = text.plist.xml; path = Info.plist; sourceTree = "<group>"; };
		9A61C9821E7102C900B10D09 /* SYFrameWorkTests.xctest */ = {isa = PBXFileReference; explicitFileType = wrapper.cfbundle; includeInIndex = 0; path = SYFrameWorkTests.xctest; sourceTree = BUILT_PRODUCTS_DIR; };
		9A61C9861E7102C900B10D09 /* SYFrameWorkTests.m */ = {isa = PBXFileReference; lastKnownFileType = sourcecode.c.objc; path = SYFrameWorkTests.m; sourceTree = "<group>"; };
		9A61C9881E7102C900B10D09 /* Info.plist */ = {isa = PBXFileReference; lastKnownFileType = text.plist.xml; path = Info.plist; sourceTree = "<group>"; };
		9A61C98D1E7102C900B10D09 /* SYFrameWorkUITests.xctest */ = {isa = PBXFileReference; explicitFileType = wrapper.cfbundle; includeInIndex = 0; path = SYFrameWorkUITests.xctest; sourceTree = BUILT_PRODUCTS_DIR; };
		9A61C9911E7102C900B10D09 /* SYFrameWorkUITests.m */ = {isa = PBXFileReference; lastKnownFileType = sourcecode.c.objc; path = SYFrameWorkUITests.m; sourceTree = "<group>"; };
		9A61C9931E7102C900B10D09 /* Info.plist */ = {isa = PBXFileReference; lastKnownFileType = text.plist.xml; path = Info.plist; sourceTree = "<group>"; };
		9A65B89E1E7A6E9F002401B9 /* SYAlertBuilder.h */ = {isa = PBXFileReference; fileEncoding = 4; lastKnownFileType = sourcecode.c.h; path = SYAlertBuilder.h; sourceTree = "<group>"; };
		9A65B89F1E7A6E9F002401B9 /* SYAlertBuilder.m */ = {isa = PBXFileReference; fileEncoding = 4; lastKnownFileType = sourcecode.c.objc; path = SYAlertBuilder.m; sourceTree = "<group>"; };
		9A65B8A21E7A6E9F002401B9 /* 640x1136page1@2x.png */ = {isa = PBXFileReference; lastKnownFileType = image.png; path = "640x1136page1@2x.png"; sourceTree = "<group>"; };
		9A65B8A31E7A6E9F002401B9 /* 640x1136page2@2x.png */ = {isa = PBXFileReference; lastKnownFileType = image.png; path = "640x1136page2@2x.png"; sourceTree = "<group>"; };
		9A65B8A41E7A6E9F002401B9 /* 640x1136page3@2x.png */ = {isa = PBXFileReference; lastKnownFileType = image.png; path = "640x1136page3@2x.png"; sourceTree = "<group>"; };
		9A65B8A51E7A6E9F002401B9 /* btn_image@3x.png */ = {isa = PBXFileReference; lastKnownFileType = image.png; path = "btn_image@3x.png"; sourceTree = "<group>"; };
		9A65B8A61E7A6E9F002401B9 /* SYGuideView.h */ = {isa = PBXFileReference; fileEncoding = 4; lastKnownFileType = sourcecode.c.h; path = SYGuideView.h; sourceTree = "<group>"; };
		9A65B8A71E7A6E9F002401B9 /* SYGuideView.m */ = {isa = PBXFileReference; fileEncoding = 4; lastKnownFileType = sourcecode.c.objc; path = SYGuideView.m; sourceTree = "<group>"; };
		9A65B8A81E7A6E9F002401B9 /* SYGuideViewCell.h */ = {isa = PBXFileReference; fileEncoding = 4; lastKnownFileType = sourcecode.c.h; path = SYGuideViewCell.h; sourceTree = "<group>"; };
		9A65B8A91E7A6E9F002401B9 /* SYGuideViewCell.m */ = {isa = PBXFileReference; fileEncoding = 4; lastKnownFileType = sourcecode.c.objc; path = SYGuideViewCell.m; sourceTree = "<group>"; };
		9A65B8AA1E7A6E9F002401B9 /* SYGuiViewBuilder.h */ = {isa = PBXFileReference; fileEncoding = 4; lastKnownFileType = sourcecode.c.h; path = SYGuiViewBuilder.h; sourceTree = "<group>"; };
		9A65B8AB1E7A6E9F002401B9 /* SYGuiViewBuilder.m */ = {isa = PBXFileReference; fileEncoding = 4; lastKnownFileType = sourcecode.c.objc; path = SYGuiViewBuilder.m; sourceTree = "<group>"; };
		9A65B8AD1E7A6E9F002401B9 /* icon_financial_share@3x.png */ = {isa = PBXFileReference; lastKnownFileType = image.png; path = "icon_financial_share@3x.png"; sourceTree = "<group>"; };
		9A65B8AE1E7A6E9F002401B9 /* SFTitleIconBtn.h */ = {isa = PBXFileReference; fileEncoding = 4; lastKnownFileType = sourcecode.c.h; path = SFTitleIconBtn.h; sourceTree = "<group>"; };
		9A65B8AF1E7A6E9F002401B9 /* SFTitleIconBtn.m */ = {isa = PBXFileReference; fileEncoding = 4; lastKnownFileType = sourcecode.c.objc; path = SFTitleIconBtn.m; sourceTree = "<group>"; };
		9A65B8B01E7A6E9F002401B9 /* SFTitleIconModel.h */ = {isa = PBXFileReference; fileEncoding = 4; lastKnownFileType = sourcecode.c.h; path = SFTitleIconModel.h; sourceTree = "<group>"; };
		9A65B8B11E7A6E9F002401B9 /* SFTitleIconModel.m */ = {isa = PBXFileReference; fileEncoding = 4; lastKnownFileType = sourcecode.c.objc; path = SFTitleIconModel.m; sourceTree = "<group>"; };
		9A65B8B21E7A6E9F002401B9 /* SFTitleIconView.h */ = {isa = PBXFileReference; fileEncoding = 4; lastKnownFileType = sourcecode.c.h; path = SFTitleIconView.h; sourceTree = "<group>"; };
		9A65B8B31E7A6E9F002401B9 /* SFTitleIconView.m */ = {isa = PBXFileReference; fileEncoding = 4; lastKnownFileType = sourcecode.c.objc; path = SFTitleIconView.m; sourceTree = "<group>"; };
		9A65B8B41E7A6E9F002401B9 /* SYLineBtnBuilder.h */ = {isa = PBXFileReference; fileEncoding = 4; lastKnownFileType = sourcecode.c.h; path = SYLineBtnBuilder.h; sourceTree = "<group>"; };
		9A65B8B51E7A6E9F002401B9 /* SYLineBtnBuilder.m */ = {isa = PBXFileReference; fileEncoding = 4; lastKnownFileType = sourcecode.c.objc; path = SYLineBtnBuilder.m; sourceTree = "<group>"; };
		9A65B8B71E7A6E9F002401B9 /* back_black@3x.png */ = {isa = PBXFileReference; lastKnownFileType = image.png; path = "back_black@3x.png"; sourceTree = "<group>"; };
		9A65B8B81E7A6E9F002401B9 /* back_white@3x.png */ = {isa = PBXFileReference; lastKnownFileType = image.png; path = "back_white@3x.png"; sourceTree = "<group>"; };
		9A65B8B91E7A6E9F002401B9 /* SYNavigationHeader.h */ = {isa = PBXFileReference; fileEncoding = 4; lastKnownFileType = sourcecode.c.h; path = SYNavigationHeader.h; sourceTree = "<group>"; };
		9A65B8BA1E7A6E9F002401B9 /* SYNavigationTool.h */ = {isa = PBXFileReference; fileEncoding = 4; lastKnownFileType = sourcecode.c.h; path = SYNavigationTool.h; sourceTree = "<group>"; };
		9A65B8BB1E7A6E9F002401B9 /* SYNavigationTool.m */ = {isa = PBXFileReference; fileEncoding = 4; lastKnownFileType = sourcecode.c.objc; path = SYNavigationTool.m; sourceTree = "<group>"; };
		9A65B8BC1E7A6E9F002401B9 /* UIViewController+NavigationTool.h */ = {isa = PBXFileReference; fileEncoding = 4; lastKnownFileType = sourcecode.c.h; path = "UIViewController+NavigationTool.h"; sourceTree = "<group>"; };
		9A65B8BD1E7A6E9F002401B9 /* UIViewController+NavigationTool.m */ = {isa = PBXFileReference; fileEncoding = 4; lastKnownFileType = sourcecode.c.objc; path = "UIViewController+NavigationTool.m"; sourceTree = "<group>"; };
		9A65B8BF1E7A6E9F002401B9 /* ScrollDotIndicator.h */ = {isa = PBXFileReference; fileEncoding = 4; lastKnownFileType = sourcecode.c.h; path = ScrollDotIndicator.h; sourceTree = "<group>"; };
		9A65B8C01E7A6E9F002401B9 /* ScrollDotIndicator.m */ = {isa = PBXFileReference; fileEncoding = 4; lastKnownFileType = sourcecode.c.objc; path = ScrollDotIndicator.m; sourceTree = "<group>"; };
		9A65B8C11E7A6E9F002401B9 /* ScrollLineIndicator.h */ = {isa = PBXFileReference; fileEncoding = 4; lastKnownFileType = sourcecode.c.h; path = ScrollLineIndicator.h; sourceTree = "<group>"; };
		9A65B8C21E7A6E9F002401B9 /* ScrollLineIndicator.m */ = {isa = PBXFileReference; fileEncoding = 4; lastKnownFileType = sourcecode.c.objc; path = ScrollLineIndicator.m; sourceTree = "<group>"; };
		9A65B8C31E7A6E9F002401B9 /* SYScrollImageView.h */ = {isa = PBXFileReference; fileEncoding = 4; lastKnownFileType = sourcecode.c.h; path = SYScrollImageView.h; sourceTree = "<group>"; };
		9A65B8C41E7A6E9F002401B9 /* SYScrollImageView.m */ = {isa = PBXFileReference; fileEncoding = 4; lastKnownFileType = sourcecode.c.objc; path = SYScrollImageView.m; sourceTree = "<group>"; };
		9A65B8C61E7A6E9F002401B9 /* SYTabBarButtonItem.h */ = {isa = PBXFileReference; fileEncoding = 4; lastKnownFileType = sourcecode.c.h; path = SYTabBarButtonItem.h; sourceTree = "<group>"; };
		9A65B8C71E7A6E9F002401B9 /* SYTabBarButtonItem.m */ = {isa = PBXFileReference; fileEncoding = 4; lastKnownFileType = sourcecode.c.objc; path = SYTabBarButtonItem.m; sourceTree = "<group>"; };
		9A65B8C81E7A6E9F002401B9 /* SYTabBarController.h */ = {isa = PBXFileReference; fileEncoding = 4; lastKnownFileType = sourcecode.c.h; path = SYTabBarController.h; sourceTree = "<group>"; };
		9A65B8C91E7A6E9F002401B9 /* SYTabBarController.m */ = {isa = PBXFileReference; fileEncoding = 4; lastKnownFileType = sourcecode.c.objc; path = SYTabBarController.m; sourceTree = "<group>"; };
		9A65B8CA1E7A6E9F002401B9 /* SYTabBarMaker.h */ = {isa = PBXFileReference; fileEncoding = 4; lastKnownFileType = sourcecode.c.h; path = SYTabBarMaker.h; sourceTree = "<group>"; };
		9A65B8CB1E7A6E9F002401B9 /* SYTabBarMaker.m */ = {isa = PBXFileReference; fileEncoding = 4; lastKnownFileType = sourcecode.c.objc; path = SYTabBarMaker.m; sourceTree = "<group>"; };
		9A65B8CC1E7A6E9F002401B9 /* SYTabBarModel.h */ = {isa = PBXFileReference; fileEncoding = 4; lastKnownFileType = sourcecode.c.h; path = SYTabBarModel.h; sourceTree = "<group>"; };
		9A65B8CD1E7A6E9F002401B9 /* SYTabBarModel.m */ = {isa = PBXFileReference; fileEncoding = 4; lastKnownFileType = sourcecode.c.objc; path = SYTabBarModel.m; sourceTree = "<group>"; };
		9A65B8CE1E7A6E9F002401B9 /* SYUnReadView.h */ = {isa = PBXFileReference; fileEncoding = 4; lastKnownFileType = sourcecode.c.h; path = SYUnReadView.h; sourceTree = "<group>"; };
		9A65B8CF1E7A6E9F002401B9 /* SYUnReadView.m */ = {isa = PBXFileReference; fileEncoding = 4; lastKnownFileType = sourcecode.c.objc; path = SYUnReadView.m; sourceTree = "<group>"; };
		9A65B8D11E7A6E9F002401B9 /* icon_interview_select@3x.png */ = {isa = PBXFileReference; lastKnownFileType = image.png; path = "icon_interview_select@3x.png"; sourceTree = "<group>"; };
		9A65B8D21E7A6E9F002401B9 /* icon_interview_unselect@3x.png */ = {isa = PBXFileReference; lastKnownFileType = image.png; path = "icon_interview_unselect@3x.png"; sourceTree = "<group>"; };
		9A65B8D31E7A6E9F002401B9 /* icon_mine_select@3x.png */ = {isa = PBXFileReference; lastKnownFileType = image.png; path = "icon_mine_select@3x.png"; sourceTree = "<group>"; };
		9A65B8D41E7A6E9F002401B9 /* icon_mine_unselect@3x.png */ = {isa = PBXFileReference; lastKnownFileType = image.png; path = "icon_mine_unselect@3x.png"; sourceTree = "<group>"; };
		9A65B8D51E7A6E9F002401B9 /* icon_screening_select@3x.png */ = {isa = PBXFileReference; lastKnownFileType = image.png; path = "icon_screening_select@3x.png"; sourceTree = "<group>"; };
		9A65B8D61E7A6E9F002401B9 /* icon_screening_unselect@3x.png */ = {isa = PBXFileReference; lastKnownFileType = image.png; path = "icon_screening_unselect@3x.png"; sourceTree = "<group>"; };
		9A65B8D71E7A6E9F002401B9 /* UIViewController+TabBarHidden.h */ = {isa = PBXFileReference; fileEncoding = 4; lastKnownFileType = sourcecode.c.h; path = "UIViewController+TabBarHidden.h"; sourceTree = "<group>"; };
		9A65B8D81E7A6E9F002401B9 /* UIViewController+TabBarHidden.m */ = {isa = PBXFileReference; fileEncoding = 4; lastKnownFileType = sourcecode.c.objc; path = "UIViewController+TabBarHidden.m"; sourceTree = "<group>"; };
		9A65B8DA1E7A6E9F002401B9 /* SYAlphaMaker.h */ = {isa = PBXFileReference; fileEncoding = 4; lastKnownFileType = sourcecode.c.h; path = SYAlphaMaker.h; sourceTree = "<group>"; };
		9A65B8DB1E7A6E9F002401B9 /* SYAlphaMaker.m */ = {isa = PBXFileReference; fileEncoding = 4; lastKnownFileType = sourcecode.c.objc; path = SYAlphaMaker.m; sourceTree = "<group>"; };
		9A65B8DC1E7A6E9F002401B9 /* SYUIBuilderDef.h */ = {isa = PBXFileReference; fileEncoding = 4; lastKnownFileType = sourcecode.c.h; path = SYUIBuilderDef.h; sourceTree = "<group>"; };
		9A65B8DD1E7A6E9F002401B9 /* SYUIBuilderHeader.h */ = {isa = PBXFileReference; fileEncoding = 4; lastKnownFileType = sourcecode.c.h; path = SYUIBuilderHeader.h; sourceTree = "<group>"; };
		9A65B8DE1E7A6E9F002401B9 /* SYUtils.h */ = {isa = PBXFileReference; fileEncoding = 4; lastKnownFileType = sourcecode.c.h; path = SYUtils.h; sourceTree = "<group>"; };
		9A65B8DF1E7A6E9F002401B9 /* SYUtils.m */ = {isa = PBXFileReference; fileEncoding = 4; lastKnownFileType = sourcecode.c.objc; path = SYUtils.m; sourceTree = "<group>"; };
		9A65B8E01E7A6E9F002401B9 /* UIButton+SYBuilder.h */ = {isa = PBXFileReference; fileEncoding = 4; lastKnownFileType = sourcecode.c.h; path = "UIButton+SYBuilder.h"; sourceTree = "<group>"; };
		9A65B8E11E7A6E9F002401B9 /* UIButton+SYBuilder.m */ = {isa = PBXFileReference; fileEncoding = 4; lastKnownFileType = sourcecode.c.objc; path = "UIButton+SYBuilder.m"; sourceTree = "<group>"; };
		9A65B8E21E7A6E9F002401B9 /* UIColor+SYBuilder.h */ = {isa = PBXFileReference; fileEncoding = 4; lastKnownFileType = sourcecode.c.h; path = "UIColor+SYBuilder.h"; sourceTree = "<group>"; };
		9A65B8E31E7A6E9F002401B9 /* UIColor+SYBuilder.m */ = {isa = PBXFileReference; fileEncoding = 4; lastKnownFileType = sourcecode.c.objc; path = "UIColor+SYBuilder.m"; sourceTree = "<group>"; };
		9A65B8E41E7A6E9F002401B9 /* UIFont+SYBuilder.h */ = {isa = PBXFileReference; fileEncoding = 4; lastKnownFileType = sourcecode.c.h; path = "UIFont+SYBuilder.h"; sourceTree = "<group>"; };
		9A65B8E51E7A6E9F002401B9 /* UIFont+SYBuilder.m */ = {isa = PBXFileReference; fileEncoding = 4; lastKnownFileType = sourcecode.c.objc; path = "UIFont+SYBuilder.m"; sourceTree = "<group>"; };
		9A65B8E61E7A6E9F002401B9 /* UIImageView+SYBuilder.h */ = {isa = PBXFileReference; fileEncoding = 4; lastKnownFileType = sourcecode.c.h; path = "UIImageView+SYBuilder.h"; sourceTree = "<group>"; };
		9A65B8E71E7A6E9F002401B9 /* UIImageView+SYBuilder.m */ = {isa = PBXFileReference; fileEncoding = 4; lastKnownFileType = sourcecode.c.objc; path = "UIImageView+SYBuilder.m"; sourceTree = "<group>"; };
		9A65B8E81E7A6E9F002401B9 /* UILabel+SYBuilder.h */ = {isa = PBXFileReference; fileEncoding = 4; lastKnownFileType = sourcecode.c.h; path = "UILabel+SYBuilder.h"; sourceTree = "<group>"; };
		9A65B8E91E7A6E9F002401B9 /* UILabel+SYBuilder.m */ = {isa = PBXFileReference; fileEncoding = 4; lastKnownFileType = sourcecode.c.objc; path = "UILabel+SYBuilder.m"; sourceTree = "<group>"; };
		9A65B8EA1E7A6E9F002401B9 /* UITableView+SYBuilder.h */ = {isa = PBXFileReference; fileEncoding = 4; lastKnownFileType = sourcecode.c.h; path = "UITableView+SYBuilder.h"; sourceTree = "<group>"; };
		9A65B8EB1E7A6E9F002401B9 /* UITableView+SYBuilder.m */ = {isa = PBXFileReference; fileEncoding = 4; lastKnownFileType = sourcecode.c.objc; path = "UITableView+SYBuilder.m"; sourceTree = "<group>"; };
		9A65B8EC1E7A6E9F002401B9 /* UITextField+SYBuilder.h */ = {isa = PBXFileReference; fileEncoding = 4; lastKnownFileType = sourcecode.c.h; path = "UITextField+SYBuilder.h"; sourceTree = "<group>"; };
		9A65B8ED1E7A6E9F002401B9 /* UITextField+SYBuilder.m */ = {isa = PBXFileReference; fileEncoding = 4; lastKnownFileType = sourcecode.c.objc; path = "UITextField+SYBuilder.m"; sourceTree = "<group>"; };
		9A65B8EE1E7A6E9F002401B9 /* UIView+SYBuilder.h */ = {isa = PBXFileReference; fileEncoding = 4; lastKnownFileType = sourcecode.c.h; path = "UIView+SYBuilder.h"; sourceTree = "<group>"; };
		9A65B8EF1E7A6E9F002401B9 /* UIView+SYBuilder.m */ = {isa = PBXFileReference; fileEncoding = 4; lastKnownFileType = sourcecode.c.objc; path = "UIView+SYBuilder.m"; sourceTree = "<group>"; };
/* End PBXFileReference section */

/* Begin PBXFrameworksBuildPhase section */
		9A61C9661E7102C900B10D09 /* Frameworks */ = {
			isa = PBXFrameworksBuildPhase;
			buildActionMask = 2147483647;
			files = (
			);
			runOnlyForDeploymentPostprocessing = 0;
		};
		9A61C97F1E7102C900B10D09 /* Frameworks */ = {
			isa = PBXFrameworksBuildPhase;
			buildActionMask = 2147483647;
			files = (
			);
			runOnlyForDeploymentPostprocessing = 0;
		};
		9A61C98A1E7102C900B10D09 /* Frameworks */ = {
			isa = PBXFrameworksBuildPhase;
			buildActionMask = 2147483647;
			files = (
			);
			runOnlyForDeploymentPostprocessing = 0;
		};
/* End PBXFrameworksBuildPhase section */

/* Begin PBXGroup section */
		9A61C9601E7102C900B10D09 = {
			isa = PBXGroup;
			children = (
				9A65B89C1E7A6E9F002401B9 /* framework */,
				9A61C96B1E7102C900B10D09 /* SYFrameWork */,
				9A61C9851E7102C900B10D09 /* SYFrameWorkTests */,
				9A61C9901E7102C900B10D09 /* SYFrameWorkUITests */,
				9A61C96A1E7102C900B10D09 /* Products */,
			);
			sourceTree = "<group>";
		};
		9A61C96A1E7102C900B10D09 /* Products */ = {
			isa = PBXGroup;
			children = (
				9A61C9691E7102C900B10D09 /* SYFrameWork.app */,
				9A61C9821E7102C900B10D09 /* SYFrameWorkTests.xctest */,
				9A61C98D1E7102C900B10D09 /* SYFrameWorkUITests.xctest */,
			);
			name = Products;
			sourceTree = "<group>";
		};
		9A61C96B1E7102C900B10D09 /* SYFrameWork */ = {
			isa = PBXGroup;
			children = (
				9A61C96F1E7102C900B10D09 /* AppDelegate.h */,
				9A61C9701E7102C900B10D09 /* AppDelegate.m */,
				9A617A3C1E77CF8C00B1A11F /* FirstViewController.h */,
				9A617A3D1E77CF8C00B1A11F /* FirstViewController.m */,
				9A617A3E1E77CF8C00B1A11F /* SecondViewController.h */,
				9A617A3F1E77CF8C00B1A11F /* SecondViewController.m */,
				9A617A401E77CF8C00B1A11F /* ThirdViewController.h */,
				9A617A411E77CF8C00B1A11F /* ThirdViewController.m */,
				9A617A421E77CF8C00B1A11F /* ViewController.h */,
				9A617A431E77CF8C00B1A11F /* ViewController.m */,
				9A61C9751E7102C900B10D09 /* Main.storyboard */,
				9A61C9781E7102C900B10D09 /* Assets.xcassets */,
				9A61C97A1E7102C900B10D09 /* LaunchScreen.storyboard */,
				9A61C97D1E7102C900B10D09 /* Info.plist */,
				9A61C96C1E7102C900B10D09 /* Supporting Files */,
			);
			path = SYFrameWork;
			sourceTree = "<group>";
		};
		9A61C96C1E7102C900B10D09 /* Supporting Files */ = {
			isa = PBXGroup;
			children = (
				9A61C96D1E7102C900B10D09 /* main.m */,
			);
			name = "Supporting Files";
			sourceTree = "<group>";
		};
		9A61C9851E7102C900B10D09 /* SYFrameWorkTests */ = {
			isa = PBXGroup;
			children = (
				9A61C9861E7102C900B10D09 /* SYFrameWorkTests.m */,
				9A61C9881E7102C900B10D09 /* Info.plist */,
			);
			path = SYFrameWorkTests;
			sourceTree = "<group>";
		};
		9A61C9901E7102C900B10D09 /* SYFrameWorkUITests */ = {
			isa = PBXGroup;
			children = (
				9A61C9911E7102C900B10D09 /* SYFrameWorkUITests.m */,
				9A61C9931E7102C900B10D09 /* Info.plist */,
			);
			path = SYFrameWorkUITests;
			sourceTree = "<group>";
		};
		9A65B89C1E7A6E9F002401B9 /* framework */ = {
			isa = PBXGroup;
			children = (
				9A65B89D1E7A6E9F002401B9 /* SYAlertBuilder */,
				9A65B8A01E7A6E9F002401B9 /* SYGuideView */,
				9A65B8AC1E7A6E9F002401B9 /* SYLineBtns */,
				9A65B8B61E7A6E9F002401B9 /* SYNaviHelper */,
				9A65B8BE1E7A6E9F002401B9 /* SYScrollImage */,
				9A65B8C51E7A6E9F002401B9 /* SYTabBar */,
				9A65B8D91E7A6E9F002401B9 /* SYUIBuilder */,
			);
			path = framework;
			sourceTree = "<group>";
		};
		9A65B89D1E7A6E9F002401B9 /* SYAlertBuilder */ = {
			isa = PBXGroup;
			children = (
				9A65B89E1E7A6E9F002401B9 /* SYAlertBuilder.h */,
				9A65B89F1E7A6E9F002401B9 /* SYAlertBuilder.m */,
			);
			path = SYAlertBuilder;
			sourceTree = "<group>";
		};
		9A65B8A01E7A6E9F002401B9 /* SYGuideView */ = {
			isa = PBXGroup;
			children = (
				9A65B8A11E7A6E9F002401B9 /* 320x568 */,
				9A65B8A61E7A6E9F002401B9 /* SYGuideView.h */,
				9A65B8A71E7A6E9F002401B9 /* SYGuideView.m */,
				9A65B8A81E7A6E9F002401B9 /* SYGuideViewCell.h */,
				9A65B8A91E7A6E9F002401B9 /* SYGuideViewCell.m */,
				9A65B8AA1E7A6E9F002401B9 /* SYGuiViewBuilder.h */,
				9A65B8AB1E7A6E9F002401B9 /* SYGuiViewBuilder.m */,
			);
			path = SYGuideView;
			sourceTree = "<group>";
		};
		9A65B8A11E7A6E9F002401B9 /* 320x568 */ = {
			isa = PBXGroup;
			children = (
				9A65B8A21E7A6E9F002401B9 /* 640x1136page1@2x.png */,
				9A65B8A31E7A6E9F002401B9 /* 640x1136page2@2x.png */,
				9A65B8A41E7A6E9F002401B9 /* 640x1136page3@2x.png */,
				9A65B8A51E7A6E9F002401B9 /* btn_image@3x.png */,
			);
			path = 320x568;
			sourceTree = "<group>";
		};
		9A65B8AC1E7A6E9F002401B9 /* SYLineBtns */ = {
			isa = PBXGroup;
			children = (
				9A65B8AD1E7A6E9F002401B9 /* icon_financial_share@3x.png */,
				9A65B8AE1E7A6E9F002401B9 /* SFTitleIconBtn.h */,
				9A65B8AF1E7A6E9F002401B9 /* SFTitleIconBtn.m */,
				9A65B8B01E7A6E9F002401B9 /* SFTitleIconModel.h */,
				9A65B8B11E7A6E9F002401B9 /* SFTitleIconModel.m */,
				9A65B8B21E7A6E9F002401B9 /* SFTitleIconView.h */,
				9A65B8B31E7A6E9F002401B9 /* SFTitleIconView.m */,
				9A65B8B41E7A6E9F002401B9 /* SYLineBtnBuilder.h */,
				9A65B8B51E7A6E9F002401B9 /* SYLineBtnBuilder.m */,
			);
			path = SYLineBtns;
			sourceTree = "<group>";
		};
		9A65B8B61E7A6E9F002401B9 /* SYNaviHelper */ = {
			isa = PBXGroup;
			children = (
				9A65B8B71E7A6E9F002401B9 /* back_black@3x.png */,
				9A65B8B81E7A6E9F002401B9 /* back_white@3x.png */,
				9A65B8B91E7A6E9F002401B9 /* SYNavigationHeader.h */,
				9A65B8BA1E7A6E9F002401B9 /* SYNavigationTool.h */,
				9A65B8BB1E7A6E9F002401B9 /* SYNavigationTool.m */,
				9A65B8BC1E7A6E9F002401B9 /* UIViewController+NavigationTool.h */,
				9A65B8BD1E7A6E9F002401B9 /* UIViewController+NavigationTool.m */,
			);
			path = SYNaviHelper;
			sourceTree = "<group>";
		};
		9A65B8BE1E7A6E9F002401B9 /* SYScrollImage */ = {
			isa = PBXGroup;
			children = (
				9A65B8BF1E7A6E9F002401B9 /* ScrollDotIndicator.h */,
				9A65B8C01E7A6E9F002401B9 /* ScrollDotIndicator.m */,
				9A65B8C11E7A6E9F002401B9 /* ScrollLineIndicator.h */,
				9A65B8C21E7A6E9F002401B9 /* ScrollLineIndicator.m */,
				9A65B8C31E7A6E9F002401B9 /* SYScrollImageView.h */,
				9A65B8C41E7A6E9F002401B9 /* SYScrollImageView.m */,
			);
			path = SYScrollImage;
			sourceTree = "<group>";
		};
		9A65B8C51E7A6E9F002401B9 /* SYTabBar */ = {
			isa = PBXGroup;
			children = (
				9A65B8C61E7A6E9F002401B9 /* SYTabBarButtonItem.h */,
				9A65B8C71E7A6E9F002401B9 /* SYTabBarButtonItem.m */,
				9A65B8C81E7A6E9F002401B9 /* SYTabBarController.h */,
				9A65B8C91E7A6E9F002401B9 /* SYTabBarController.m */,
				9A65B8CA1E7A6E9F002401B9 /* SYTabBarMaker.h */,
				9A65B8CB1E7A6E9F002401B9 /* SYTabBarMaker.m */,
				9A65B8CC1E7A6E9F002401B9 /* SYTabBarModel.h */,
				9A65B8CD1E7A6E9F002401B9 /* SYTabBarModel.m */,
				9A65B8CE1E7A6E9F002401B9 /* SYUnReadView.h */,
				9A65B8CF1E7A6E9F002401B9 /* SYUnReadView.m */,
				9A65B8D01E7A6E9F002401B9 /* Tabbar */,
				9A65B8D71E7A6E9F002401B9 /* UIViewController+TabBarHidden.h */,
				9A65B8D81E7A6E9F002401B9 /* UIViewController+TabBarHidden.m */,
			);
			path = SYTabBar;
			sourceTree = "<group>";
		};
		9A65B8D01E7A6E9F002401B9 /* Tabbar */ = {
			isa = PBXGroup;
			children = (
				9A65B8D11E7A6E9F002401B9 /* icon_interview_select@3x.png */,
				9A65B8D21E7A6E9F002401B9 /* icon_interview_unselect@3x.png */,
				9A65B8D31E7A6E9F002401B9 /* icon_mine_select@3x.png */,
				9A65B8D41E7A6E9F002401B9 /* icon_mine_unselect@3x.png */,
				9A65B8D51E7A6E9F002401B9 /* icon_screening_select@3x.png */,
				9A65B8D61E7A6E9F002401B9 /* icon_screening_unselect@3x.png */,
			);
			path = Tabbar;
			sourceTree = "<group>";
		};
		9A65B8D91E7A6E9F002401B9 /* SYUIBuilder */ = {
			isa = PBXGroup;
			children = (
				9A65B8DA1E7A6E9F002401B9 /* SYAlphaMaker.h */,
				9A65B8DB1E7A6E9F002401B9 /* SYAlphaMaker.m */,
				9A65B8DC1E7A6E9F002401B9 /* SYUIBuilderDef.h */,
				9A65B8DD1E7A6E9F002401B9 /* SYUIBuilderHeader.h */,
				9A65B8DE1E7A6E9F002401B9 /* SYUtils.h */,
				9A65B8DF1E7A6E9F002401B9 /* SYUtils.m */,
				9A65B8E01E7A6E9F002401B9 /* UIButton+SYBuilder.h */,
				9A65B8E11E7A6E9F002401B9 /* UIButton+SYBuilder.m */,
				9A65B8E21E7A6E9F002401B9 /* UIColor+SYBuilder.h */,
				9A65B8E31E7A6E9F002401B9 /* UIColor+SYBuilder.m */,
				9A65B8E41E7A6E9F002401B9 /* UIFont+SYBuilder.h */,
				9A65B8E51E7A6E9F002401B9 /* UIFont+SYBuilder.m */,
				9A65B8E61E7A6E9F002401B9 /* UIImageView+SYBuilder.h */,
				9A65B8E71E7A6E9F002401B9 /* UIImageView+SYBuilder.m */,
				9A65B8E81E7A6E9F002401B9 /* UILabel+SYBuilder.h */,
				9A65B8E91E7A6E9F002401B9 /* UILabel+SYBuilder.m */,
				9A65B8EA1E7A6E9F002401B9 /* UITableView+SYBuilder.h */,
				9A65B8EB1E7A6E9F002401B9 /* UITableView+SYBuilder.m */,
				9A65B8EC1E7A6E9F002401B9 /* UITextField+SYBuilder.h */,
				9A65B8ED1E7A6E9F002401B9 /* UITextField+SYBuilder.m */,
				9A65B8EE1E7A6E9F002401B9 /* UIView+SYBuilder.h */,
				9A65B8EF1E7A6E9F002401B9 /* UIView+SYBuilder.m */,
			);
			path = SYUIBuilder;
			sourceTree = "<group>";
		};
/* End PBXGroup section */

/* Begin PBXNativeTarget section */
		9A61C9681E7102C900B10D09 /* SYFrameWork */ = {
			isa = PBXNativeTarget;
			buildConfigurationList = 9A61C9961E7102C900B10D09 /* Build configuration list for PBXNativeTarget "SYFrameWork" */;
			buildPhases = (
				9A61C9651E7102C900B10D09 /* Sources */,
				9A61C9661E7102C900B10D09 /* Frameworks */,
				9A61C9671E7102C900B10D09 /* Resources */,
			);
			buildRules = (
			);
			dependencies = (
			);
			name = SYFrameWork;
			productName = SYFrameWork;
			productReference = 9A61C9691E7102C900B10D09 /* SYFrameWork.app */;
			productType = "com.apple.product-type.application";
		};
		9A61C9811E7102C900B10D09 /* SYFrameWorkTests */ = {
			isa = PBXNativeTarget;
			buildConfigurationList = 9A61C9991E7102C900B10D09 /* Build configuration list for PBXNativeTarget "SYFrameWorkTests" */;
			buildPhases = (
				9A61C97E1E7102C900B10D09 /* Sources */,
				9A61C97F1E7102C900B10D09 /* Frameworks */,
				9A61C9801E7102C900B10D09 /* Resources */,
			);
			buildRules = (
			);
			dependencies = (
				9A61C9841E7102C900B10D09 /* PBXTargetDependency */,
			);
			name = SYFrameWorkTests;
			productName = SYFrameWorkTests;
			productReference = 9A61C9821E7102C900B10D09 /* SYFrameWorkTests.xctest */;
			productType = "com.apple.product-type.bundle.unit-test";
		};
		9A61C98C1E7102C900B10D09 /* SYFrameWorkUITests */ = {
			isa = PBXNativeTarget;
			buildConfigurationList = 9A61C99C1E7102C900B10D09 /* Build configuration list for PBXNativeTarget "SYFrameWorkUITests" */;
			buildPhases = (
				9A61C9891E7102C900B10D09 /* Sources */,
				9A61C98A1E7102C900B10D09 /* Frameworks */,
				9A61C98B1E7102C900B10D09 /* Resources */,
			);
			buildRules = (
			);
			dependencies = (
				9A61C98F1E7102C900B10D09 /* PBXTargetDependency */,
			);
			name = SYFrameWorkUITests;
			productName = SYFrameWorkUITests;
			productReference = 9A61C98D1E7102C900B10D09 /* SYFrameWorkUITests.xctest */;
			productType = "com.apple.product-type.bundle.ui-testing";
		};
/* End PBXNativeTarget section */

/* Begin PBXProject section */
		9A61C9611E7102C900B10D09 /* Project object */ = {
			isa = PBXProject;
			attributes = {
				LastUpgradeCheck = 0820;
				ORGANIZATIONNAME = "王声远";
				TargetAttributes = {
					9A61C9681E7102C900B10D09 = {
						CreatedOnToolsVersion = 8.2;
						DevelopmentTeam = JPYH2GZ99G;
						ProvisioningStyle = Automatic;
					};
					9A61C9811E7102C900B10D09 = {
						CreatedOnToolsVersion = 8.2;
						ProvisioningStyle = Automatic;
						TestTargetID = 9A61C9681E7102C900B10D09;
					};
					9A61C98C1E7102C900B10D09 = {
						CreatedOnToolsVersion = 8.2;
						ProvisioningStyle = Automatic;
						TestTargetID = 9A61C9681E7102C900B10D09;
					};
				};
			};
			buildConfigurationList = 9A61C9641E7102C900B10D09 /* Build configuration list for PBXProject "SYFrameWork" */;
			compatibilityVersion = "Xcode 3.2";
			developmentRegion = English;
			hasScannedForEncodings = 0;
			knownRegions = (
				en,
				Base,
			);
			mainGroup = 9A61C9601E7102C900B10D09;
			productRefGroup = 9A61C96A1E7102C900B10D09 /* Products */;
			projectDirPath = "";
			projectRoot = "";
			targets = (
				9A61C9681E7102C900B10D09 /* SYFrameWork */,
				9A61C9811E7102C900B10D09 /* SYFrameWorkTests */,
				9A61C98C1E7102C900B10D09 /* SYFrameWorkUITests */,
			);
		};
/* End PBXProject section */

/* Begin PBXResourcesBuildPhase section */
		9A61C9671E7102C900B10D09 /* Resources */ = {
			isa = PBXResourcesBuildPhase;
			buildActionMask = 2147483647;
			files = (
				9A65B8F81E7A6E9F002401B9 /* icon_financial_share@3x.png in Resources */,
				9A65B8F21E7A6E9F002401B9 /* 640x1136page2@2x.png in Resources */,
				9A65B8F11E7A6E9F002401B9 /* 640x1136page1@2x.png in Resources */,
				9A61C97C1E7102C900B10D09 /* LaunchScreen.storyboard in Resources */,
				9A65B90E1E7A6E9F002401B9 /* icon_screening_unselect@3x.png in Resources */,
				9A65B90C1E7A6E9F002401B9 /* icon_mine_unselect@3x.png in Resources */,
				9A65B8FE1E7A6E9F002401B9 /* back_white@3x.png in Resources */,
				9A65B8F41E7A6E9F002401B9 /* btn_image@3x.png in Resources */,
				9A65B90B1E7A6E9F002401B9 /* icon_mine_select@3x.png in Resources */,
				9A65B8FD1E7A6E9F002401B9 /* back_black@3x.png in Resources */,
				9A61C9791E7102C900B10D09 /* Assets.xcassets in Resources */,
				9A65B8F31E7A6E9F002401B9 /* 640x1136page3@2x.png in Resources */,
				9A61C9771E7102C900B10D09 /* Main.storyboard in Resources */,
				9A65B9091E7A6E9F002401B9 /* icon_interview_select@3x.png in Resources */,
				9A65B90D1E7A6E9F002401B9 /* icon_screening_select@3x.png in Resources */,
				9A65B90A1E7A6E9F002401B9 /* icon_interview_unselect@3x.png in Resources */,
			);
			runOnlyForDeploymentPostprocessing = 0;
		};
		9A61C9801E7102C900B10D09 /* Resources */ = {
			isa = PBXResourcesBuildPhase;
			buildActionMask = 2147483647;
			files = (
			);
			runOnlyForDeploymentPostprocessing = 0;
		};
		9A61C98B1E7102C900B10D09 /* Resources */ = {
			isa = PBXResourcesBuildPhase;
			buildActionMask = 2147483647;
			files = (
			);
			runOnlyForDeploymentPostprocessing = 0;
		};
/* End PBXResourcesBuildPhase section */

/* Begin PBXSourcesBuildPhase section */
		9A61C9651E7102C900B10D09 /* Sources */ = {
			isa = PBXSourcesBuildPhase;
			buildActionMask = 2147483647;
			files = (
				9A65B9141E7A6E9F002401B9 /* UIFont+SYBuilder.m in Sources */,
				9A617A461E77CF8C00B1A11F /* ThirdViewController.m in Sources */,
				9A61C9711E7102C900B10D09 /* AppDelegate.m in Sources */,
				9A65B9181E7A6E9F002401B9 /* UITextField+SYBuilder.m in Sources */,
				9A65B90F1E7A6E9F002401B9 /* UIViewController+TabBarHidden.m in Sources */,
				9A65B9121E7A6E9F002401B9 /* UIButton+SYBuilder.m in Sources */,
				9A65B9061E7A6E9F002401B9 /* SYTabBarMaker.m in Sources */,
				9A65B9041E7A6E9F002401B9 /* SYTabBarButtonItem.m in Sources */,
				9A617A451E77CF8C00B1A11F /* SecondViewController.m in Sources */,
				9A65B9111E7A6E9F002401B9 /* SYUtils.m in Sources */,
				9A65B9171E7A6E9F002401B9 /* UITableView+SYBuilder.m in Sources */,
				9A65B8FB1E7A6E9F002401B9 /* SFTitleIconView.m in Sources */,
				9A65B9161E7A6E9F002401B9 /* UILabel+SYBuilder.m in Sources */,
				9A61C96E1E7102C900B10D09 /* main.m in Sources */,
				9A65B8FF1E7A6E9F002401B9 /* SYNavigationTool.m in Sources */,
				9A65B9001E7A6E9F002401B9 /* UIViewController+NavigationTool.m in Sources */,
				9A65B9191E7A6E9F002401B9 /* UIView+SYBuilder.m in Sources */,
				9A65B9051E7A6E9F002401B9 /* SYTabBarController.m in Sources */,
				9A65B9011E7A6E9F002401B9 /* ScrollDotIndicator.m in Sources */,
				9A65B9021E7A6E9F002401B9 /* ScrollLineIndicator.m in Sources */,
				9A65B8F71E7A6E9F002401B9 /* SYGuiViewBuilder.m in Sources */,
				9A617A471E77CF8C00B1A11F /* ViewController.m in Sources */,
				9A65B8FA1E7A6E9F002401B9 /* SFTitleIconModel.m in Sources */,
				9A65B8FC1E7A6E9F002401B9 /* SYLineBtnBuilder.m in Sources */,
				9A65B8F91E7A6E9F002401B9 /* SFTitleIconBtn.m in Sources */,
				9A65B9071E7A6E9F002401B9 /* SYTabBarModel.m in Sources */,
				9A65B9131E7A6E9F002401B9 /* UIColor+SYBuilder.m in Sources */,
				9A65B8F51E7A6E9F002401B9 /* SYGuideView.m in Sources */,
				9A617A441E77CF8C00B1A11F /* FirstViewController.m in Sources */,
				9A65B9101E7A6E9F002401B9 /* SYAlphaMaker.m in Sources */,
				9A65B8F01E7A6E9F002401B9 /* SYAlertBuilder.m in Sources */,
				9A65B9151E7A6E9F002401B9 /* UIImageView+SYBuilder.m in Sources */,
				9A65B9031E7A6E9F002401B9 /* SYScrollImageView.m in Sources */,
				9A65B8F61E7A6E9F002401B9 /* SYGuideViewCell.m in Sources */,
				9A65B9081E7A6E9F002401B9 /* SYUnReadView.m in Sources */,
			);
			runOnlyForDeploymentPostprocessing = 0;
		};
		9A61C97E1E7102C900B10D09 /* Sources */ = {
			isa = PBXSourcesBuildPhase;
			buildActionMask = 2147483647;
			files = (
				9A61C9871E7102C900B10D09 /* SYFrameWorkTests.m in Sources */,
			);
			runOnlyForDeploymentPostprocessing = 0;
		};
		9A61C9891E7102C900B10D09 /* Sources */ = {
			isa = PBXSourcesBuildPhase;
			buildActionMask = 2147483647;
			files = (
				9A61C9921E7102C900B10D09 /* SYFrameWorkUITests.m in Sources */,
			);
			runOnlyForDeploymentPostprocessing = 0;
		};
/* End PBXSourcesBuildPhase section */

/* Begin PBXTargetDependency section */
		9A61C9841E7102C900B10D09 /* PBXTargetDependency */ = {
			isa = PBXTargetDependency;
			target = 9A61C9681E7102C900B10D09 /* SYFrameWork */;
			targetProxy = 9A61C9831E7102C900B10D09 /* PBXContainerItemProxy */;
		};
		9A61C98F1E7102C900B10D09 /* PBXTargetDependency */ = {
			isa = PBXTargetDependency;
			target = 9A61C9681E7102C900B10D09 /* SYFrameWork */;
			targetProxy = 9A61C98E1E7102C900B10D09 /* PBXContainerItemProxy */;
		};
/* End PBXTargetDependency section */

/* Begin PBXVariantGroup section */
		9A61C9751E7102C900B10D09 /* Main.storyboard */ = {
			isa = PBXVariantGroup;
			children = (
				9A61C9761E7102C900B10D09 /* Base */,
			);
			name = Main.storyboard;
			sourceTree = "<group>";
		};
		9A61C97A1E7102C900B10D09 /* LaunchScreen.storyboard */ = {
			isa = PBXVariantGroup;
			children = (
				9A61C97B1E7102C900B10D09 /* Base */,
			);
			name = LaunchScreen.storyboard;
			sourceTree = "<group>";
		};
/* End PBXVariantGroup section */

/* Begin XCBuildConfiguration section */
		9A61C9941E7102C900B10D09 /* Debug */ = {
			isa = XCBuildConfiguration;
			buildSettings = {
				ALWAYS_SEARCH_USER_PATHS = NO;
				CLANG_ANALYZER_NONNULL = YES;
				CLANG_CXX_LANGUAGE_STANDARD = "gnu++0x";
				CLANG_CXX_LIBRARY = "libc++";
				CLANG_ENABLE_MODULES = YES;
				CLANG_ENABLE_OBJC_ARC = YES;
				CLANG_WARN_BOOL_CONVERSION = YES;
				CLANG_WARN_CONSTANT_CONVERSION = YES;
				CLANG_WARN_DIRECT_OBJC_ISA_USAGE = YES_ERROR;
				CLANG_WARN_DOCUMENTATION_COMMENTS = YES;
				CLANG_WARN_EMPTY_BODY = YES;
				CLANG_WARN_ENUM_CONVERSION = YES;
				CLANG_WARN_INFINITE_RECURSION = YES;
				CLANG_WARN_INT_CONVERSION = YES;
				CLANG_WARN_OBJC_ROOT_CLASS = YES_ERROR;
				CLANG_WARN_SUSPICIOUS_MOVE = YES;
				CLANG_WARN_UNREACHABLE_CODE = YES;
				CLANG_WARN__DUPLICATE_METHOD_MATCH = YES;
				"CODE_SIGN_IDENTITY[sdk=iphoneos*]" = "iPhone Developer";
				COPY_PHASE_STRIP = NO;
				DEBUG_INFORMATION_FORMAT = dwarf;
				ENABLE_STRICT_OBJC_MSGSEND = YES;
				ENABLE_TESTABILITY = YES;
				GCC_C_LANGUAGE_STANDARD = gnu99;
				GCC_DYNAMIC_NO_PIC = NO;
				GCC_NO_COMMON_BLOCKS = YES;
				GCC_OPTIMIZATION_LEVEL = 0;
				GCC_PREPROCESSOR_DEFINITIONS = (
					"DEBUG=1",
					"$(inherited)",
				);
				GCC_WARN_64_TO_32_BIT_CONVERSION = YES;
				GCC_WARN_ABOUT_RETURN_TYPE = YES_ERROR;
				GCC_WARN_UNDECLARED_SELECTOR = YES;
				GCC_WARN_UNINITIALIZED_AUTOS = YES_AGGRESSIVE;
				GCC_WARN_UNUSED_FUNCTION = YES;
				GCC_WARN_UNUSED_VARIABLE = YES;
				IPHONEOS_DEPLOYMENT_TARGET = 10.2;
				MTL_ENABLE_DEBUG_INFO = YES;
				ONLY_ACTIVE_ARCH = YES;
				SDKROOT = iphoneos;
				TARGETED_DEVICE_FAMILY = "1,2";
			};
			name = Debug;
		};
		9A61C9951E7102C900B10D09 /* Release */ = {
			isa = XCBuildConfiguration;
			buildSettings = {
				ALWAYS_SEARCH_USER_PATHS = NO;
				CLANG_ANALYZER_NONNULL = YES;
				CLANG_CXX_LANGUAGE_STANDARD = "gnu++0x";
				CLANG_CXX_LIBRARY = "libc++";
				CLANG_ENABLE_MODULES = YES;
				CLANG_ENABLE_OBJC_ARC = YES;
				CLANG_WARN_BOOL_CONVERSION = YES;
				CLANG_WARN_CONSTANT_CONVERSION = YES;
				CLANG_WARN_DIRECT_OBJC_ISA_USAGE = YES_ERROR;
				CLANG_WARN_DOCUMENTATION_COMMENTS = YES;
				CLANG_WARN_EMPTY_BODY = YES;
				CLANG_WARN_ENUM_CONVERSION = YES;
				CLANG_WARN_INFINITE_RECURSION = YES;
				CLANG_WARN_INT_CONVERSION = YES;
				CLANG_WARN_OBJC_ROOT_CLASS = YES_ERROR;
				CLANG_WARN_SUSPICIOUS_MOVE = YES;
				CLANG_WARN_UNREACHABLE_CODE = YES;
				CLANG_WARN__DUPLICATE_METHOD_MATCH = YES;
				"CODE_SIGN_IDENTITY[sdk=iphoneos*]" = "iPhone Developer";
				COPY_PHASE_STRIP = NO;
				DEBUG_INFORMATION_FORMAT = "dwarf-with-dsym";
				ENABLE_NS_ASSERTIONS = NO;
				ENABLE_STRICT_OBJC_MSGSEND = YES;
				GCC_C_LANGUAGE_STANDARD = gnu99;
				GCC_NO_COMMON_BLOCKS = YES;
				GCC_WARN_64_TO_32_BIT_CONVERSION = YES;
				GCC_WARN_ABOUT_RETURN_TYPE = YES_ERROR;
				GCC_WARN_UNDECLARED_SELECTOR = YES;
				GCC_WARN_UNINITIALIZED_AUTOS = YES_AGGRESSIVE;
				GCC_WARN_UNUSED_FUNCTION = YES;
				GCC_WARN_UNUSED_VARIABLE = YES;
				IPHONEOS_DEPLOYMENT_TARGET = 10.2;
				MTL_ENABLE_DEBUG_INFO = NO;
				SDKROOT = iphoneos;
				TARGETED_DEVICE_FAMILY = "1,2";
				VALIDATE_PRODUCT = YES;
			};
			name = Release;
		};
		9A61C9971E7102C900B10D09 /* Debug */ = {
			isa = XCBuildConfiguration;
			buildSettings = {
				ASSETCATALOG_COMPILER_APPICON_NAME = AppIcon;
				DEVELOPMENT_TEAM = JPYH2GZ99G;
				INFOPLIST_FILE = SYFrameWork/Info.plist;
				IPHONEOS_DEPLOYMENT_TARGET = 8.0;
				LD_RUNPATH_SEARCH_PATHS = "$(inherited) @executable_path/Frameworks";
				PRODUCT_BUNDLE_IDENTIFIER = com.cn.SYFrameWork;
				PRODUCT_NAME = "$(TARGET_NAME)";
			};
			name = Debug;
		};
		9A61C9981E7102C900B10D09 /* Release */ = {
			isa = XCBuildConfiguration;
			buildSettings = {
				ASSETCATALOG_COMPILER_APPICON_NAME = AppIcon;
				DEVELOPMENT_TEAM = JPYH2GZ99G;
				INFOPLIST_FILE = SYFrameWork/Info.plist;
				IPHONEOS_DEPLOYMENT_TARGET = 8.0;
				LD_RUNPATH_SEARCH_PATHS = "$(inherited) @executable_path/Frameworks";
				PRODUCT_BUNDLE_IDENTIFIER = com.cn.SYFrameWork;
				PRODUCT_NAME = "$(TARGET_NAME)";
			};
			name = Release;
		};
		9A61C99A1E7102C900B10D09 /* Debug */ = {
			isa = XCBuildConfiguration;
			buildSettings = {
				BUNDLE_LOADER = "$(TEST_HOST)";
				INFOPLIST_FILE = SYFrameWorkTests/Info.plist;
				LD_RUNPATH_SEARCH_PATHS = "$(inherited) @executable_path/Frameworks @loader_path/Frameworks";
				PRODUCT_BUNDLE_IDENTIFIER = com.cn.SYFrameWorkTests;
				PRODUCT_NAME = "$(TARGET_NAME)";
				TEST_HOST = "$(BUILT_PRODUCTS_DIR)/SYFrameWork.app/SYFrameWork";
			};
			name = Debug;
		};
		9A61C99B1E7102C900B10D09 /* Release */ = {
			isa = XCBuildConfiguration;
			buildSettings = {
				BUNDLE_LOADER = "$(TEST_HOST)";
				INFOPLIST_FILE = SYFrameWorkTests/Info.plist;
				LD_RUNPATH_SEARCH_PATHS = "$(inherited) @executable_path/Frameworks @loader_path/Frameworks";
				PRODUCT_BUNDLE_IDENTIFIER = com.cn.SYFrameWorkTests;
				PRODUCT_NAME = "$(TARGET_NAME)";
				TEST_HOST = "$(BUILT_PRODUCTS_DIR)/SYFrameWork.app/SYFrameWork";
			};
			name = Release;
		};
		9A61C99D1E7102C900B10D09 /* Debug */ = {
			isa = XCBuildConfiguration;
			buildSettings = {
				INFOPLIST_FILE = SYFrameWorkUITests/Info.plist;
				LD_RUNPATH_SEARCH_PATHS = "$(inherited) @executable_path/Frameworks @loader_path/Frameworks";
				PRODUCT_BUNDLE_IDENTIFIER = com.cn.SYFrameWorkUITests;
				PRODUCT_NAME = "$(TARGET_NAME)";
				TEST_TARGET_NAME = SYFrameWork;
			};
			name = Debug;
		};
		9A61C99E1E7102C900B10D09 /* Release */ = {
			isa = XCBuildConfiguration;
			buildSettings = {
				INFOPLIST_FILE = SYFrameWorkUITests/Info.plist;
				LD_RUNPATH_SEARCH_PATHS = "$(inherited) @executable_path/Frameworks @loader_path/Frameworks";
				PRODUCT_BUNDLE_IDENTIFIER = com.cn.SYFrameWorkUITests;
				PRODUCT_NAME = "$(TARGET_NAME)";
				TEST_TARGET_NAME = SYFrameWork;
			};
			name = Release;
		};
/* End XCBuildConfiguration section */

/* Begin XCConfigurationList section */
		9A61C9641E7102C900B10D09 /* Build configuration list for PBXProject "SYFrameWork" */ = {
			isa = XCConfigurationList;
			buildConfigurations = (
				9A61C9941E7102C900B10D09 /* Debug */,
				9A61C9951E7102C900B10D09 /* Release */,
			);
			defaultConfigurationIsVisible = 0;
			defaultConfigurationName = Release;
		};
		9A61C9961E7102C900B10D09 /* Build configuration list for PBXNativeTarget "SYFrameWork" */ = {
			isa = XCConfigurationList;
			buildConfigurations = (
				9A61C9971E7102C900B10D09 /* Debug */,
				9A61C9981E7102C900B10D09 /* Release */,
			);
			defaultConfigurationIsVisible = 0;
			defaultConfigurationName = Release;
		};
		9A61C9991E7102C900B10D09 /* Build configuration list for PBXNativeTarget "SYFrameWorkTests" */ = {
			isa = XCConfigurationList;
			buildConfigurations = (
				9A61C99A1E7102C900B10D09 /* Debug */,
				9A61C99B1E7102C900B10D09 /* Release */,
			);
			defaultConfigurationIsVisible = 0;
			defaultConfigurationName = Release;
		};
		9A61C99C1E7102C900B10D09 /* Build configuration list for PBXNativeTarget "SYFrameWorkUITests" */ = {
			isa = XCConfigurationList;
			buildConfigurations = (
				9A61C99D1E7102C900B10D09 /* Debug */,
				9A61C99E1E7102C900B10D09 /* Release */,
			);
			defaultConfigurationIsVisible = 0;
			defaultConfigurationName = Release;
		};
/* End XCConfigurationList section */
	};
	rootObject = 9A61C9611E7102C900B10D09 /* Project object */;
}
