// !$*UTF8*$!
{
	archiveVersion = 1;
	classes = {
	};
	objectVersion = 46;
	objects = {

/* Begin PBXBuildFile section */
		9A61C96E1E7102C900B10D09 /* main.m in Sources */ = {isa = PBXBuildFile; fileRef = 9A61C96D1E7102C900B10D09 /* main.m */; };
		9A61C9711E7102C900B10D09 /* AppDelegate.m in Sources */ = {isa = PBXBuildFile; fileRef = 9A61C9701E7102C900B10D09 /* AppDelegate.m */; };
		9A61C9741E7102C900B10D09 /* ViewController.m in Sources */ = {isa = PBXBuildFile; fileRef = 9A61C9731E7102C900B10D09 /* ViewController.m */; };
		9A61C9771E7102C900B10D09 /* Main.storyboard in Resources */ = {isa = PBXBuildFile; fileRef = 9A61C9751E7102C900B10D09 /* Main.storyboard */; };
		9A61C9791E7102C900B10D09 /* Assets.xcassets in Resources */ = {isa = PBXBuildFile; fileRef = 9A61C9781E7102C900B10D09 /* Assets.xcassets */; };
		9A61C97C1E7102C900B10D09 /* LaunchScreen.storyboard in Resources */ = {isa = PBXBuildFile; fileRef = 9A61C97A1E7102C900B10D09 /* LaunchScreen.storyboard */; };
		9A61C9871E7102C900B10D09 /* SYFrameWorkTests.m in Sources */ = {isa = PBXBuildFile; fileRef = 9A61C9861E7102C900B10D09 /* SYFrameWorkTests.m */; };
		9A61C9921E7102C900B10D09 /* SYFrameWorkUITests.m in Sources */ = {isa = PBXBuildFile; fileRef = 9A61C9911E7102C900B10D09 /* SYFrameWorkUITests.m */; };
		9A61C9A91E71068600B10D09 /* SYAlertBuilder.m in Sources */ = {isa = PBXBuildFile; fileRef = 9A61C9A81E71068600B10D09 /* SYAlertBuilder.m */; };
/* End PBXBuildFile section */

/* Begin PBXContainerItemProxy section */
		9A61C9831E7102C900B10D09 /* PBXContainerItemProxy */ = {
			isa = PBXContainerItemProxy;
			containerPortal = 9A61C9611E7102C900B10D09 /* Project object */;
			proxyType = 1;
			remoteGlobalIDString = 9A61C9681E7102C900B10D09;
			remoteInfo = SYFrameWork;
		};
		9A61C98E1E7102C900B10D09 /* PBXContainerItemProxy */ = {
			isa = PBXContainerItemProxy;
			containerPortal = 9A61C9611E7102C900B10D09 /* Project object */;
			proxyType = 1;
			remoteGlobalIDString = 9A61C9681E7102C900B10D09;
			remoteInfo = SYFrameWork;
		};
/* End PBXContainerItemProxy section */

/* Begin PBXFileReference section */
		9A61C9691E7102C900B10D09 /* SYFrameWork.app */ = {isa = PBXFileReference; explicitFileType = wrapper.application; includeInIndex = 0; path = SYFrameWork.app; sourceTree = BUILT_PRODUCTS_DIR; };
		9A61C96D1E7102C900B10D09 /* main.m */ = {isa = PBXFileReference; lastKnownFileType = sourcecode.c.objc; path = main.m; sourceTree = "<group>"; };
		9A61C96F1E7102C900B10D09 /* AppDelegate.h */ = {isa = PBXFileReference; lastKnownFileType = sourcecode.c.h; path = AppDelegate.h; sourceTree = "<group>"; };
		9A61C9701E7102C900B10D09 /* AppDelegate.m */ = {isa = PBXFileReference; lastKnownFileType = sourcecode.c.objc; path = AppDelegate.m; sourceTree = "<group>"; };
		9A61C9721E7102C900B10D09 /* ViewController.h */ = {isa = PBXFileReference; lastKnownFileType = sourcecode.c.h; path = ViewController.h; sourceTree = "<group>"; };
		9A61C9731E7102C900B10D09 /* ViewController.m */ = {isa = PBXFileReference; lastKnownFileType = sourcecode.c.objc; path = ViewController.m; sourceTree = "<group>"; };
		9A61C9761E7102C900B10D09 /* Base */ = {isa = PBXFileReference; lastKnownFileType = file.storyboard; name = Base; path = Base.lproj/Main.storyboard; sourceTree = "<group>"; };
		9A61C9781E7102C900B10D09 /* Assets.xcassets */ = {isa = PBXFileReference; lastKnownFileType = folder.assetcatalog; path = Assets.xcassets; sourceTree = "<group>"; };
		9A61C97B1E7102C900B10D09 /* Base */ = {isa = PBXFileReference; lastKnownFileType = file.storyboard; name = Base; path = Base.lproj/LaunchScreen.storyboard; sourceTree = "<group>"; };
		9A61C97D1E7102C900B10D09 /* Info.plist */ = {isa = PBXFileReference; lastKnownFileType = text.plist.xml; path = Info.plist; sourceTree = "<group>"; };
		9A61C9821E7102C900B10D09 /* SYFrameWorkTests.xctest */ = {isa = PBXFileReference; explicitFileType = wrapper.cfbundle; includeInIndex = 0; path = SYFrameWorkTests.xctest; sourceTree = BUILT_PRODUCTS_DIR; };
		9A61C9861E7102C900B10D09 /* SYFrameWorkTests.m */ = {isa = PBXFileReference; lastKnownFileType = sourcecode.c.objc; path = SYFrameWorkTests.m; sourceTree = "<group>"; };
		9A61C9881E7102C900B10D09 /* Info.plist */ = {isa = PBXFileReference; lastKnownFileType = text.plist.xml; path = Info.plist; sourceTree = "<group>"; };
		9A61C98D1E7102C900B10D09 /* SYFrameWorkUITests.xctest */ = {isa = PBXFileReference; explicitFileType = wrapper.cfbundle; includeInIndex = 0; path = SYFrameWorkUITests.xctest; sourceTree = BUILT_PRODUCTS_DIR; };
		9A61C9911E7102C900B10D09 /* SYFrameWorkUITests.m */ = {isa = PBXFileReference; lastKnownFileType = sourcecode.c.objc; path = SYFrameWorkUITests.m; sourceTree = "<group>"; };
		9A61C9931E7102C900B10D09 /* Info.plist */ = {isa = PBXFileReference; lastKnownFileType = text.plist.xml; path = Info.plist; sourceTree = "<group>"; };
		9A61C9A71E71068600B10D09 /* SYAlertBuilder.h */ = {isa = PBXFileReference; fileEncoding = 4; lastKnownFileType = sourcecode.c.h; path = SYAlertBuilder.h; sourceTree = "<group>"; };
		9A61C9A81E71068600B10D09 /* SYAlertBuilder.m */ = {isa = PBXFileReference; fileEncoding = 4; lastKnownFileType = sourcecode.c.objc; path = SYAlertBuilder.m; sourceTree = "<group>"; };
/* End PBXFileReference section */

/* Begin PBXFrameworksBuildPhase section */
		9A61C9661E7102C900B10D09 /* Frameworks */ = {
			isa = PBXFrameworksBuildPhase;
			buildActionMask = 2147483647;
			files = (
			);
			runOnlyForDeploymentPostprocessing = 0;
		};
		9A61C97F1E7102C900B10D09 /* Frameworks */ = {
			isa = PBXFrameworksBuildPhase;
			buildActionMask = 2147483647;
			files = (
			);
			runOnlyForDeploymentPostprocessing = 0;
		};
		9A61C98A1E7102C900B10D09 /* Frameworks */ = {
			isa = PBXFrameworksBuildPhase;
			buildActionMask = 2147483647;
			files = (
			);
			runOnlyForDeploymentPostprocessing = 0;
		};
/* End PBXFrameworksBuildPhase section */

/* Begin PBXGroup section */
		9A61C9601E7102C900B10D09 = {
			isa = PBXGroup;
			children = (
				9A61C99F1E71064900B10D09 /* SYUIFramework */,
				9A61C96B1E7102C900B10D09 /* SYFrameWork */,
				9A61C9851E7102C900B10D09 /* SYFrameWorkTests */,
				9A61C9901E7102C900B10D09 /* SYFrameWorkUITests */,
				9A61C96A1E7102C900B10D09 /* Products */,
			);
			sourceTree = "<group>";
		};
		9A61C96A1E7102C900B10D09 /* Products */ = {
			isa = PBXGroup;
			children = (
				9A61C9691E7102C900B10D09 /* SYFrameWork.app */,
				9A61C9821E7102C900B10D09 /* SYFrameWorkTests.xctest */,
				9A61C98D1E7102C900B10D09 /* SYFrameWorkUITests.xctest */,
			);
			name = Products;
			sourceTree = "<group>";
		};
		9A61C96B1E7102C900B10D09 /* SYFrameWork */ = {
			isa = PBXGroup;
			children = (
				9A61C96F1E7102C900B10D09 /* AppDelegate.h */,
				9A61C9701E7102C900B10D09 /* AppDelegate.m */,
				9A61C9721E7102C900B10D09 /* ViewController.h */,
				9A61C9731E7102C900B10D09 /* ViewController.m */,
				9A61C9751E7102C900B10D09 /* Main.storyboard */,
				9A61C9781E7102C900B10D09 /* Assets.xcassets */,
				9A61C97A1E7102C900B10D09 /* LaunchScreen.storyboard */,
				9A61C97D1E7102C900B10D09 /* Info.plist */,
				9A61C96C1E7102C900B10D09 /* Supporting Files */,
			);
			path = SYFrameWork;
			sourceTree = "<group>";
		};
		9A61C96C1E7102C900B10D09 /* Supporting Files */ = {
			isa = PBXGroup;
			children = (
				9A61C96D1E7102C900B10D09 /* main.m */,
			);
			name = "Supporting Files";
			sourceTree = "<group>";
		};
		9A61C9851E7102C900B10D09 /* SYFrameWorkTests */ = {
			isa = PBXGroup;
			children = (
				9A61C9861E7102C900B10D09 /* SYFrameWorkTests.m */,
				9A61C9881E7102C900B10D09 /* Info.plist */,
			);
			path = SYFrameWorkTests;
			sourceTree = "<group>";
		};
		9A61C9901E7102C900B10D09 /* SYFrameWorkUITests */ = {
			isa = PBXGroup;
			children = (
				9A61C9911E7102C900B10D09 /* SYFrameWorkUITests.m */,
				9A61C9931E7102C900B10D09 /* Info.plist */,
			);
			path = SYFrameWorkUITests;
			sourceTree = "<group>";
		};
		9A61C99F1E71064900B10D09 /* SYUIFramework */ = {
			isa = PBXGroup;
			children = (
				9A61C9A61E71068600B10D09 /* SYAlertBuilder */,
			);
			path = SYUIFramework;
			sourceTree = "<group>";
		};
		9A61C9A61E71068600B10D09 /* SYAlertBuilder */ = {
			isa = PBXGroup;
			children = (
				9A61C9A71E71068600B10D09 /* SYAlertBuilder.h */,
				9A61C9A81E71068600B10D09 /* SYAlertBuilder.m */,
			);
			path = SYAlertBuilder;
			sourceTree = "<group>";
		};
/* End PBXGroup section */

/* Begin PBXNativeTarget section */
		9A61C9681E7102C900B10D09 /* SYFrameWork */ = {
			isa = PBXNativeTarget;
			buildConfigurationList = 9A61C9961E7102C900B10D09 /* Build configuration list for PBXNativeTarget "SYFrameWork" */;
			buildPhases = (
				9A61C9651E7102C900B10D09 /* Sources */,
				9A61C9661E7102C900B10D09 /* Frameworks */,
				9A61C9671E7102C900B10D09 /* Resources */,
			);
			buildRules = (
			);
			dependencies = (
			);
			name = SYFrameWork;
			productName = SYFrameWork;
			productReference = 9A61C9691E7102C900B10D09 /* SYFrameWork.app */;
			productType = "com.apple.product-type.application";
		};
		9A61C9811E7102C900B10D09 /* SYFrameWorkTests */ = {
			isa = PBXNativeTarget;
			buildConfigurationList = 9A61C9991E7102C900B10D09 /* Build configuration list for PBXNativeTarget "SYFrameWorkTests" */;
			buildPhases = (
				9A61C97E1E7102C900B10D09 /* Sources */,
				9A61C97F1E7102C900B10D09 /* Frameworks */,
				9A61C9801E7102C900B10D09 /* Resources */,
			);
			buildRules = (
			);
			dependencies = (
				9A61C9841E7102C900B10D09 /* PBXTargetDependency */,
			);
			name = SYFrameWorkTests;
			productName = SYFrameWorkTests;
			productReference = 9A61C9821E7102C900B10D09 /* SYFrameWorkTests.xctest */;
			productType = "com.apple.product-type.bundle.unit-test";
		};
		9A61C98C1E7102C900B10D09 /* SYFrameWorkUITests */ = {
			isa = PBXNativeTarget;
			buildConfigurationList = 9A61C99C1E7102C900B10D09 /* Build configuration list for PBXNativeTarget "SYFrameWorkUITests" */;
			buildPhases = (
				9A61C9891E7102C900B10D09 /* Sources */,
				9A61C98A1E7102C900B10D09 /* Frameworks */,
				9A61C98B1E7102C900B10D09 /* Resources */,
			);
			buildRules = (
			);
			dependencies = (
				9A61C98F1E7102C900B10D09 /* PBXTargetDependency */,
			);
			name = SYFrameWorkUITests;
			productName = SYFrameWorkUITests;
			productReference = 9A61C98D1E7102C900B10D09 /* SYFrameWorkUITests.xctest */;
			productType = "com.apple.product-type.bundle.ui-testing";
		};
/* End PBXNativeTarget section */

/* Begin PBXProject section */
		9A61C9611E7102C900B10D09 /* Project object */ = {
			isa = PBXProject;
			attributes = {
				LastUpgradeCheck = 0820;
				ORGANIZATIONNAME = "王声远";
				TargetAttributes = {
					9A61C9681E7102C900B10D09 = {
						CreatedOnToolsVersion = 8.2;
						DevelopmentTeam = 3HJPXWF4NR;
						ProvisioningStyle = Automatic;
					};
					9A61C9811E7102C900B10D09 = {
						CreatedOnToolsVersion = 8.2;
						ProvisioningStyle = Automatic;
						TestTargetID = 9A61C9681E7102C900B10D09;
					};
					9A61C98C1E7102C900B10D09 = {
						CreatedOnToolsVersion = 8.2;
						ProvisioningStyle = Automatic;
						TestTargetID = 9A61C9681E7102C900B10D09;
					};
				};
			};
			buildConfigurationList = 9A61C9641E7102C900B10D09 /* Build configuration list for PBXProject "SYFrameWork" */;
			compatibilityVersion = "Xcode 3.2";
			developmentRegion = English;
			hasScannedForEncodings = 0;
			knownRegions = (
				en,
				Base,
			);
			mainGroup = 9A61C9601E7102C900B10D09;
			productRefGroup = 9A61C96A1E7102C900B10D09 /* Products */;
			projectDirPath = "";
			projectRoot = "";
			targets = (
				9A61C9681E7102C900B10D09 /* SYFrameWork */,
				9A61C9811E7102C900B10D09 /* SYFrameWorkTests */,
				9A61C98C1E7102C900B10D09 /* SYFrameWorkUITests */,
			);
		};
/* End PBXProject section */

/* Begin PBXResourcesBuildPhase section */
		9A61C9671E7102C900B10D09 /* Resources */ = {
			isa = PBXResourcesBuildPhase;
			buildActionMask = 2147483647;
			files = (
				9A61C97C1E7102C900B10D09 /* LaunchScreen.storyboard in Resources */,
				9A61C9791E7102C900B10D09 /* Assets.xcassets in Resources */,
				9A61C9771E7102C900B10D09 /* Main.storyboard in Resources */,
			);
			runOnlyForDeploymentPostprocessing = 0;
		};
		9A61C9801E7102C900B10D09 /* Resources */ = {
			isa = PBXResourcesBuildPhase;
			buildActionMask = 2147483647;
			files = (
			);
			runOnlyForDeploymentPostprocessing = 0;
		};
		9A61C98B1E7102C900B10D09 /* Resources */ = {
			isa = PBXResourcesBuildPhase;
			buildActionMask = 2147483647;
			files = (
			);
			runOnlyForDeploymentPostprocessing = 0;
		};
/* End PBXResourcesBuildPhase section */

/* Begin PBXSourcesBuildPhase section */
		9A61C9651E7102C900B10D09 /* Sources */ = {
			isa = PBXSourcesBuildPhase;
			buildActionMask = 2147483647;
			files = (
				9A61C9741E7102C900B10D09 /* ViewController.m in Sources */,
				9A61C9711E7102C900B10D09 /* AppDelegate.m in Sources */,
				9A61C9A91E71068600B10D09 /* SYAlertBuilder.m in Sources */,
				9A61C96E1E7102C900B10D09 /* main.m in Sources */,
			);
			runOnlyForDeploymentPostprocessing = 0;
		};
		9A61C97E1E7102C900B10D09 /* Sources */ = {
			isa = PBXSourcesBuildPhase;
			buildActionMask = 2147483647;
			files = (
				9A61C9871E7102C900B10D09 /* SYFrameWorkTests.m in Sources */,
			);
			runOnlyForDeploymentPostprocessing = 0;
		};
		9A61C9891E7102C900B10D09 /* Sources */ = {
			isa = PBXSourcesBuildPhase;
			buildActionMask = 2147483647;
			files = (
				9A61C9921E7102C900B10D09 /* SYFrameWorkUITests.m in Sources */,
			);
			runOnlyForDeploymentPostprocessing = 0;
		};
/* End PBXSourcesBuildPhase section */

/* Begin PBXTargetDependency section */
		9A61C9841E7102C900B10D09 /* PBXTargetDependency */ = {
			isa = PBXTargetDependency;
			target = 9A61C9681E7102C900B10D09 /* SYFrameWork */;
			targetProxy = 9A61C9831E7102C900B10D09 /* PBXContainerItemProxy */;
		};
		9A61C98F1E7102C900B10D09 /* PBXTargetDependency */ = {
			isa = PBXTargetDependency;
			target = 9A61C9681E7102C900B10D09 /* SYFrameWork */;
			targetProxy = 9A61C98E1E7102C900B10D09 /* PBXContainerItemProxy */;
		};
/* End PBXTargetDependency section */

/* Begin PBXVariantGroup section */
		9A61C9751E7102C900B10D09 /* Main.storyboard */ = {
			isa = PBXVariantGroup;
			children = (
				9A61C9761E7102C900B10D09 /* Base */,
			);
			name = Main.storyboard;
			sourceTree = "<group>";
		};
		9A61C97A1E7102C900B10D09 /* LaunchScreen.storyboard */ = {
			isa = PBXVariantGroup;
			children = (
				9A61C97B1E7102C900B10D09 /* Base */,
			);
			name = LaunchScreen.storyboard;
			sourceTree = "<group>";
		};
/* End PBXVariantGroup section */

/* Begin XCBuildConfiguration section */
		9A61C9941E7102C900B10D09 /* Debug */ = {
			isa = XCBuildConfiguration;
			buildSettings = {
				ALWAYS_SEARCH_USER_PATHS = NO;
				CLANG_ANALYZER_NONNULL = YES;
				CLANG_CXX_LANGUAGE_STANDARD = "gnu++0x";
				CLANG_CXX_LIBRARY = "libc++";
				CLANG_ENABLE_MODULES = YES;
				CLANG_ENABLE_OBJC_ARC = YES;
				CLANG_WARN_BOOL_CONVERSION = YES;
				CLANG_WARN_CONSTANT_CONVERSION = YES;
				CLANG_WARN_DIRECT_OBJC_ISA_USAGE = YES_ERROR;
				CLANG_WARN_DOCUMENTATION_COMMENTS = YES;
				CLANG_WARN_EMPTY_BODY = YES;
				CLANG_WARN_ENUM_CONVERSION = YES;
				CLANG_WARN_INFINITE_RECURSION = YES;
				CLANG_WARN_INT_CONVERSION = YES;
				CLANG_WARN_OBJC_ROOT_CLASS = YES_ERROR;
				CLANG_WARN_SUSPICIOUS_MOVE = YES;
				CLANG_WARN_UNREACHABLE_CODE = YES;
				CLANG_WARN__DUPLICATE_METHOD_MATCH = YES;
				"CODE_SIGN_IDENTITY[sdk=iphoneos*]" = "iPhone Developer";
				COPY_PHASE_STRIP = NO;
				DEBUG_INFORMATION_FORMAT = dwarf;
				ENABLE_STRICT_OBJC_MSGSEND = YES;
				ENABLE_TESTABILITY = YES;
				GCC_C_LANGUAGE_STANDARD = gnu99;
				GCC_DYNAMIC_NO_PIC = NO;
				GCC_NO_COMMON_BLOCKS = YES;
				GCC_OPTIMIZATION_LEVEL = 0;
				GCC_PREPROCESSOR_DEFINITIONS = (
					"DEBUG=1",
					"$(inherited)",
				);
				GCC_WARN_64_TO_32_BIT_CONVERSION = YES;
				GCC_WARN_ABOUT_RETURN_TYPE = YES_ERROR;
				GCC_WARN_UNDECLARED_SELECTOR = YES;
				GCC_WARN_UNINITIALIZED_AUTOS = YES_AGGRESSIVE;
				GCC_WARN_UNUSED_FUNCTION = YES;
				GCC_WARN_UNUSED_VARIABLE = YES;
				IPHONEOS_DEPLOYMENT_TARGET = 10.2;
				MTL_ENABLE_DEBUG_INFO = YES;
				ONLY_ACTIVE_ARCH = YES;
				SDKROOT = iphoneos;
				TARGETED_DEVICE_FAMILY = "1,2";
			};
			name = Debug;
		};
		9A61C9951E7102C900B10D09 /* Release */ = {
			isa = XCBuildConfiguration;
			buildSettings = {
				ALWAYS_SEARCH_USER_PATHS = NO;
				CLANG_ANALYZER_NONNULL = YES;
				CLANG_CXX_LANGUAGE_STANDARD = "gnu++0x";
				CLANG_CXX_LIBRARY = "libc++";
				CLANG_ENABLE_MODULES = YES;
				CLANG_ENABLE_OBJC_ARC = YES;
				CLANG_WARN_BOOL_CONVERSION = YES;
				CLANG_WARN_CONSTANT_CONVERSION = YES;
				CLANG_WARN_DIRECT_OBJC_ISA_USAGE = YES_ERROR;
				CLANG_WARN_DOCUMENTATION_COMMENTS = YES;
				CLANG_WARN_EMPTY_BODY = YES;
				CLANG_WARN_ENUM_CONVERSION = YES;
				CLANG_WARN_INFINITE_RECURSION = YES;
				CLANG_WARN_INT_CONVERSION = YES;
				CLANG_WARN_OBJC_ROOT_CLASS = YES_ERROR;
				CLANG_WARN_SUSPICIOUS_MOVE = YES;
				CLANG_WARN_UNREACHABLE_CODE = YES;
				CLANG_WARN__DUPLICATE_METHOD_MATCH = YES;
				"CODE_SIGN_IDENTITY[sdk=iphoneos*]" = "iPhone Developer";
				COPY_PHASE_STRIP = NO;
				DEBUG_INFORMATION_FORMAT = "dwarf-with-dsym";
				ENABLE_NS_ASSERTIONS = NO;
				ENABLE_STRICT_OBJC_MSGSEND = YES;
				GCC_C_LANGUAGE_STANDARD = gnu99;
				GCC_NO_COMMON_BLOCKS = YES;
				GCC_WARN_64_TO_32_BIT_CONVERSION = YES;
				GCC_WARN_ABOUT_RETURN_TYPE = YES_ERROR;
				GCC_WARN_UNDECLARED_SELECTOR = YES;
				GCC_WARN_UNINITIALIZED_AUTOS = YES_AGGRESSIVE;
				GCC_WARN_UNUSED_FUNCTION = YES;
				GCC_WARN_UNUSED_VARIABLE = YES;
				IPHONEOS_DEPLOYMENT_TARGET = 10.2;
				MTL_ENABLE_DEBUG_INFO = NO;
				SDKROOT = iphoneos;
				TARGETED_DEVICE_FAMILY = "1,2";
				VALIDATE_PRODUCT = YES;
			};
			name = Release;
		};
		9A61C9971E7102C900B10D09 /* Debug */ = {
			isa = XCBuildConfiguration;
			buildSettings = {
				ASSETCATALOG_COMPILER_APPICON_NAME = AppIcon;
				DEVELOPMENT_TEAM = 3HJPXWF4NR;
				INFOPLIST_FILE = SYFrameWork/Info.plist;
				LD_RUNPATH_SEARCH_PATHS = "$(inherited) @executable_path/Frameworks";
				PRODUCT_BUNDLE_IDENTIFIER = com.cn.SYFrameWork;
				PRODUCT_NAME = "$(TARGET_NAME)";
			};
			name = Debug;
		};
		9A61C9981E7102C900B10D09 /* Release */ = {
			isa = XCBuildConfiguration;
			buildSettings = {
				ASSETCATALOG_COMPILER_APPICON_NAME = AppIcon;
				DEVELOPMENT_TEAM = 3HJPXWF4NR;
				INFOPLIST_FILE = SYFrameWork/Info.plist;
				LD_RUNPATH_SEARCH_PATHS = "$(inherited) @executable_path/Frameworks";
				PRODUCT_BUNDLE_IDENTIFIER = com.cn.SYFrameWork;
				PRODUCT_NAME = "$(TARGET_NAME)";
			};
			name = Release;
		};
		9A61C99A1E7102C900B10D09 /* Debug */ = {
			isa = XCBuildConfiguration;
			buildSettings = {
				BUNDLE_LOADER = "$(TEST_HOST)";
				INFOPLIST_FILE = SYFrameWorkTests/Info.plist;
				LD_RUNPATH_SEARCH_PATHS = "$(inherited) @executable_path/Frameworks @loader_path/Frameworks";
				PRODUCT_BUNDLE_IDENTIFIER = com.cn.SYFrameWorkTests;
				PRODUCT_NAME = "$(TARGET_NAME)";
				TEST_HOST = "$(BUILT_PRODUCTS_DIR)/SYFrameWork.app/SYFrameWork";
			};
			name = Debug;
		};
		9A61C99B1E7102C900B10D09 /* Release */ = {
			isa = XCBuildConfiguration;
			buildSettings = {
				BUNDLE_LOADER = "$(TEST_HOST)";
				INFOPLIST_FILE = SYFrameWorkTests/Info.plist;
				LD_RUNPATH_SEARCH_PATHS = "$(inherited) @executable_path/Frameworks @loader_path/Frameworks";
				PRODUCT_BUNDLE_IDENTIFIER = com.cn.SYFrameWorkTests;
				PRODUCT_NAME = "$(TARGET_NAME)";
				TEST_HOST = "$(BUILT_PRODUCTS_DIR)/SYFrameWork.app/SYFrameWork";
			};
			name = Release;
		};
		9A61C99D1E7102C900B10D09 /* Debug */ = {
			isa = XCBuildConfiguration;
			buildSettings = {
				INFOPLIST_FILE = SYFrameWorkUITests/Info.plist;
				LD_RUNPATH_SEARCH_PATHS = "$(inherited) @executable_path/Frameworks @loader_path/Frameworks";
				PRODUCT_BUNDLE_IDENTIFIER = com.cn.SYFrameWorkUITests;
				PRODUCT_NAME = "$(TARGET_NAME)";
				TEST_TARGET_NAME = SYFrameWork;
			};
			name = Debug;
		};
		9A61C99E1E7102C900B10D09 /* Release */ = {
			isa = XCBuildConfiguration;
			buildSettings = {
				INFOPLIST_FILE = SYFrameWorkUITests/Info.plist;
				LD_RUNPATH_SEARCH_PATHS = "$(inherited) @executable_path/Frameworks @loader_path/Frameworks";
				PRODUCT_BUNDLE_IDENTIFIER = com.cn.SYFrameWorkUITests;
				PRODUCT_NAME = "$(TARGET_NAME)";
				TEST_TARGET_NAME = SYFrameWork;
			};
			name = Release;
		};
/* End XCBuildConfiguration section */

/* Begin XCConfigurationList section */
		9A61C9641E7102C900B10D09 /* Build configuration list for PBXProject "SYFrameWork" */ = {
			isa = XCConfigurationList;
			buildConfigurations = (
				9A61C9941E7102C900B10D09 /* Debug */,
				9A61C9951E7102C900B10D09 /* Release */,
			);
			defaultConfigurationIsVisible = 0;
			defaultConfigurationName = Release;
		};
		9A61C9961E7102C900B10D09 /* Build configuration list for PBXNativeTarget "SYFrameWork" */ = {
			isa = XCConfigurationList;
			buildConfigurations = (
				9A61C9971E7102C900B10D09 /* Debug */,
				9A61C9981E7102C900B10D09 /* Release */,
			);
			defaultConfigurationIsVisible = 0;
			defaultConfigurationName = Release;
		};
		9A61C9991E7102C900B10D09 /* Build configuration list for PBXNativeTarget "SYFrameWorkTests" */ = {
			isa = XCConfigurationList;
			buildConfigurations = (
				9A61C99A1E7102C900B10D09 /* Debug */,
				9A61C99B1E7102C900B10D09 /* Release */,
			);
			defaultConfigurationIsVisible = 0;
			defaultConfigurationName = Release;
		};
		9A61C99C1E7102C900B10D09 /* Build configuration list for PBXNativeTarget "SYFrameWorkUITests" */ = {
			isa = XCConfigurationList;
			buildConfigurations = (
				9A61C99D1E7102C900B10D09 /* Debug */,
				9A61C99E1E7102C900B10D09 /* Release */,
			);
			defaultConfigurationIsVisible = 0;
			defaultConfigurationName = Release;
		};
/* End XCConfigurationList section */
	};
	rootObject = 9A61C9611E7102C900B10D09 /* Project object */;
}
